{
  "pins" : [
    {
      "identity" : "purchases-ios",
      "kind" : "remoteSourceControl",
      "location" : "https://github.com/RevenueCat/purchases-ios.git",
      "state" : {
        "revision" : "afc44aa3ee7d35cb19760d63d13f4dabe58a89a4",
        "version" : "3.14.2"
      }
    },
    {
      "identity" : "sportscalmodel",
      "kind" : "remoteSourceControl",
      "location" : "https://github.com/Umar-M-Haroon/SportsCalModel/",
      "state" : {
        "branch" : "main",
        "revision" : "af8922a8bf7b86f71af657e505a029adfee53d21"
      }
    },
    {
      "identity" : "swiftui-cachedasyncimage",
      "kind" : "remoteSourceControl",
      "location" : "https://github.com/lorenzofiamingo/SwiftUI-CachedAsyncImage",
      "state" : {
        "branch" : "main",
        "revision" : "f94be38411297c71aa8df69c6875127e6d8d7a92"
      }
    }
  ],
  "version" : 2
}
