{
  "pins" : [
    {
      "identity" : "nuke",
      "kind" : "remoteSourceControl",
      "location" : "https://github.com/kean/Nuke",
      "state" : {
        "revision" : "6241e100294a2aa70d1811641585ab7da780bd0f",
        "version" : "12.0.0"
      }
    },
    {
      "identity" : "purchases-ios",
      "kind" : "remoteSourceControl",
      "location" : "https://github.com/RevenueCat/purchases-ios.git",
      "state" : {
        "revision" : "c51bba807c1b4408144564a344318c3f36d9018b",
        "version" : "3.14.3"
      }
    },
    {
      "identity" : "sportscalmodel",
      "kind" : "remoteSourceControl",
      "location" : "https://github.com/Umar-M-Haroon/SportsCalModel/",
      "state" : {
        "branch" : "main",
        "revision" : "8a7c3063f8719d485aa5d59e5378f02341fbcb75"
      }
    },
    {
      "identity" : "swift-collections",
      "kind" : "remoteSourceControl",
      "location" : "https://github.com/apple/swift-collections.git",
      "state" : {
        "revision" : "937e904258d22af6e447a0b72c0bc67583ef64a2",
        "version" : "1.0.4"
      }
    }
  ],
  "version" : 2
}
