// !$*UTF8*$!
{
	archiveVersion = 1;
	classes = {
	};
	objectVersion = 55;
	objects = {

/* Begin PBXBuildFile section */
		1D1239A026D0D180001B503E /* LocalNotificationManager.swift in Sources */ = {isa = PBXBuildFile; fileRef = 1D12399F26D0D180001B503E /* LocalNotificationManager.swift */; };
		1D20B3362927739C00956B14 /* Date+Extensions.swift in Sources */ = {isa = PBXBuildFile; fileRef = 1D63E71826A9494800FC3DE6 /* Date+Extensions.swift */; };
		1D20B338292893DD00956B14 /* GameManager.swift in Sources */ = {isa = PBXBuildFile; fileRef = 1D20B337292893DD00956B14 /* GameManager.swift */; };
		1D20B339292893DD00956B14 /* GameManager.swift in Sources */ = {isa = PBXBuildFile; fileRef = 1D20B337292893DD00956B14 /* GameManager.swift */; };
		1D20B33B2928C45A00956B14 /* PickSportPage.swift in Sources */ = {isa = PBXBuildFile; fileRef = 1D20B33A2928C45A00956B14 /* PickSportPage.swift */; };
		1D20B33D2929D8C900956B14 /* MiniSubscriptionPage.swift in Sources */ = {isa = PBXBuildFile; fileRef = 1D20B33C2929D8C900956B14 /* MiniSubscriptionPage.swift */; };
		1D20B33F292A115200956B14 /* SubscriptionSheet.swift in Sources */ = {isa = PBXBuildFile; fileRef = 1D20B33E292A115200956B14 /* SubscriptionSheet.swift */; };
		1D2C79F1291A2EBA00E25E82 /* GameFormatter.swift in Sources */ = {isa = PBXBuildFile; fileRef = 1D408087290B610200729FFE /* GameFormatter.swift */; };
		1D3DD52E27FBEF310086DD9E /* CompetitionPage.swift in Sources */ = {isa = PBXBuildFile; fileRef = 1D3DD52D27FBEF310086DD9E /* CompetitionPage.swift */; };
		1D3DD53027FBEF400086DD9E /* CompetitionView.swift in Sources */ = {isa = PBXBuildFile; fileRef = 1D3DD52F27FBEF400086DD9E /* CompetitionView.swift */; };
		1D40808429091A2000729FFE /* UpcomingGameView.swift in Sources */ = {isa = PBXBuildFile; fileRef = 1D40808329091A2000729FFE /* UpcomingGameView.swift */; };
		1D408088290B610200729FFE /* GameFormatter.swift in Sources */ = {isa = PBXBuildFile; fileRef = 1D408087290B610200729FFE /* GameFormatter.swift */; };
		1D40808C290B7CED00729FFE /* IndividualTeamView.swift in Sources */ = {isa = PBXBuildFile; fileRef = 1D40808B290B7CED00729FFE /* IndividualTeamView.swift */; };
		1D40808E290B856C00729FFE /* CalendarButton.swift in Sources */ = {isa = PBXBuildFile; fileRef = 1D40808D290B856C00729FFE /* CalendarButton.swift */; };
		1D408090290B862700729FFE /* NotifyButton.swift in Sources */ = {isa = PBXBuildFile; fileRef = 1D40808F290B862700729FFE /* NotifyButton.swift */; };
		1D408091290B9E3700729FFE /* Teams+Extensions.swift in Sources */ = {isa = PBXBuildFile; fileRef = 1DA4343329079D3D0010364F /* Teams+Extensions.swift */; };
		1D408093290BA23100729FFE /* LiveActivityButton.swift in Sources */ = {isa = PBXBuildFile; fileRef = 1D408092290BA23100729FFE /* LiveActivityButton.swift */; };
		1D408098290BAB8600729FFE /* LiveSportActivityWidget.swift in Sources */ = {isa = PBXBuildFile; fileRef = 1D408096290BAA6A00729FFE /* LiveSportActivityWidget.swift */; };
		1D408099290BAB9000729FFE /* LiveSportActivityAttributes.swift in Sources */ = {isa = PBXBuildFile; fileRef = 1D408094290BA96A00729FFE /* LiveSportActivityAttributes.swift */; };
		1D40809A290BAC4F00729FFE /* LiveSportActivityAttributes.swift in Sources */ = {isa = PBXBuildFile; fileRef = 1D408094290BA96A00729FFE /* LiveSportActivityAttributes.swift */; };
		1D40809B290BAFE100729FFE /* IndividualTeamView.swift in Sources */ = {isa = PBXBuildFile; fileRef = 1D40808B290B7CED00729FFE /* IndividualTeamView.swift */; };
		1D40809D290BB06000729FFE /* CachedAsyncImage in Frameworks */ = {isa = PBXBuildFile; productRef = 1D40809C290BB06000729FFE /* CachedAsyncImage */; };
		1D4080A0290C803400729FFE /* LiveAnimatedView.swift in Sources */ = {isa = PBXBuildFile; fileRef = 1DD35DB52907B6AE009A2113 /* LiveAnimatedView.swift */; };
		1D486B0028A834470024BC32 /* GameViewModel.swift in Sources */ = {isa = PBXBuildFile; fileRef = 1D486AFF28A834470024BC32 /* GameViewModel.swift */; };
		1D5C463126C9C5F900BA827B /* SubscriptionManager.swift in Sources */ = {isa = PBXBuildFile; fileRef = 1D5C463026C9C5F900BA827B /* SubscriptionManager.swift */; };
		1D5C463426C9F10400BA827B /* Confetti.swift in Sources */ = {isa = PBXBuildFile; fileRef = 1D5C463326C9F10400BA827B /* Confetti.swift */; };
		1D5C463726C9FB5000BA827B /* SettingsData.swift in Sources */ = {isa = PBXBuildFile; fileRef = 1D5C463626C9FB5000BA827B /* SettingsData.swift */; };
		1D5C463A26C9FD0800BA827B /* OnboardingPage.swift in Sources */ = {isa = PBXBuildFile; fileRef = 1D5C463926C9FD0800BA827B /* OnboardingPage.swift */; };
		1D63E71926A9494800FC3DE6 /* Date+Extensions.swift in Sources */ = {isa = PBXBuildFile; fileRef = 1D63E71826A9494800FC3DE6 /* Date+Extensions.swift */; };
		1D79FFBB26C9B0A40041A673 /* Purchases in Frameworks */ = {isa = PBXBuildFile; productRef = 1D79FFBA26C9B0A40041A673 /* Purchases */; };
		1D79FFC026C9B3480041A673 /* SubscriptionPage.swift in Sources */ = {isa = PBXBuildFile; fileRef = 1D79FFBF26C9B3480041A673 /* SubscriptionPage.swift */; };
		1D7DC236270192610086A6D5 /* NetworkHandler.swift in Sources */ = {isa = PBXBuildFile; fileRef = 1DEC76E1268EFC0500D217A1 /* NetworkHandler.swift */; };
		1D8352D52905532D00E60D7F /* DateFormatters.swift in Sources */ = {isa = PBXBuildFile; fileRef = 1D8352D42905532D00E60D7F /* DateFormatters.swift */; };
		1D8352D72905532D00E60D7F /* DateFormatters.swift in Sources */ = {isa = PBXBuildFile; fileRef = 1D8352D42905532D00E60D7F /* DateFormatters.swift */; };
		1D8352DB29067CBB00E60D7F /* UserDefaultStorage.swift in Sources */ = {isa = PBXBuildFile; fileRef = 1DF1FD932741EFA800783E62 /* UserDefaultStorage.swift */; };
		1D88C42A27A123F1004EC903 /* NetworkHandler.swift in Sources */ = {isa = PBXBuildFile; fileRef = 1DEC76E1268EFC0500D217A1 /* NetworkHandler.swift */; };
		1D88C47F27A1254C004EC903 /* NetworkErrors.swift in Sources */ = {isa = PBXBuildFile; fileRef = 1DEC7704268F0AF200D217A1 /* NetworkErrors.swift */; };
		1D88C48027A12815004EC903 /* Favorites.swift in Sources */ = {isa = PBXBuildFile; fileRef = 1DF1FD912740AECB00783E62 /* Favorites.swift */; };
		1D88C48127A12819004EC903 /* SettingsData.swift in Sources */ = {isa = PBXBuildFile; fileRef = 1D5C463626C9FB5000BA827B /* SettingsData.swift */; };
		1D88C48227A1282A004EC903 /* UserDefaultStorage.swift in Sources */ = {isa = PBXBuildFile; fileRef = 1DF1FD932741EFA800783E62 /* UserDefaultStorage.swift */; };
		1D90DA8827FEA9F6007C570A /* DummySubscriptionOptionView.swift in Sources */ = {isa = PBXBuildFile; fileRef = 1D90DA8727FEA9F6007C570A /* DummySubscriptionOptionView.swift */; };
		1D9D2CF027702FFB00735AF0 /* FavoriteButtonView.swift in Sources */ = {isa = PBXBuildFile; fileRef = 1D9D2CEF27702FFB00735AF0 /* FavoriteButtonView.swift */; };
		1DA4343429079D3D0010364F /* Teams+Extensions.swift in Sources */ = {isa = PBXBuildFile; fileRef = 1DA4343329079D3D0010364F /* Teams+Extensions.swift */; };
		1DA434382907A48C0010364F /* GameScoreView.swift in Sources */ = {isa = PBXBuildFile; fileRef = 1DA434372907A48C0010364F /* GameScoreView.swift */; };
		1DA4343B2907A95B0010364F /* CachedAsyncImage in Frameworks */ = {isa = PBXBuildFile; productRef = 1DA4343A2907A95B0010364F /* CachedAsyncImage */; };
		1DB93DC42907659300311FAA /* Favorites.swift in Sources */ = {isa = PBXBuildFile; fileRef = 1DF1FD912740AECB00783E62 /* Favorites.swift */; };
		1DC2651526F3CCF1005539C1 /* SettingsData.swift in Sources */ = {isa = PBXBuildFile; fileRef = 1D5C463626C9FB5000BA827B /* SettingsData.swift */; };
		1DC721822907779A00628B14 /* SportsCalModel in Frameworks */ = {isa = PBXBuildFile; productRef = 1DC721812907779A00628B14 /* SportsCalModel */; };
		1DC72186290777A500628B14 /* SportsCalModel in Frameworks */ = {isa = PBXBuildFile; productRef = 1DC72185290777A500628B14 /* SportsCalModel */; };
		1DCEBF0526C045B200913A94 /* SettingsView.swift in Sources */ = {isa = PBXBuildFile; fileRef = 1DCEBF0426C045B200913A94 /* SettingsView.swift */; };
		1DD35DB62907B6AE009A2113 /* LiveAnimatedView.swift in Sources */ = {isa = PBXBuildFile; fileRef = 1DD35DB52907B6AE009A2113 /* LiveAnimatedView.swift */; };
		1DE0402D292D713800073494 /* Cache.swift in Sources */ = {isa = PBXBuildFile; fileRef = 1DE0402C292D713800073494 /* Cache.swift */; };
		1DE0402E292D713800073494 /* Cache.swift in Sources */ = {isa = PBXBuildFile; fileRef = 1DE0402C292D713800073494 /* Cache.swift */; };
		1DE0404B2937470000073494 /* Provider.swift in Sources */ = {isa = PBXBuildFile; fileRef = 1DE04049293746F500073494 /* Provider.swift */; };
		1DE16FF726F29D4A007B1B57 /* WidgetKit.framework in Frameworks */ = {isa = PBXBuildFile; fileRef = 1DE16FF626F29D4A007B1B57 /* WidgetKit.framework */; platformFilter = maccatalyst; };
		1DE16FF926F29D4A007B1B57 /* SwiftUI.framework in Frameworks */ = {isa = PBXBuildFile; fileRef = 1DE16FF826F29D4A007B1B57 /* SwiftUI.framework */; platformFilter = maccatalyst; };
		1DE16FFC26F29D4A007B1B57 /* SportsWidget.swift in Sources */ = {isa = PBXBuildFile; fileRef = 1DE16FFB26F29D4A007B1B57 /* SportsWidget.swift */; };
		1DE16FFF26F29D4B007B1B57 /* Assets.xcassets in Resources */ = {isa = PBXBuildFile; fileRef = 1DE16FFE26F29D4B007B1B57 /* Assets.xcassets */; };
		1DE1700126F29D4B007B1B57 /* SportsWidget.intentdefinition in Sources */ = {isa = PBXBuildFile; fileRef = 1DE16FFD26F29D4A007B1B57 /* SportsWidget.intentdefinition */; };
		1DE1700226F29D4B007B1B57 /* SportsWidget.intentdefinition in Sources */ = {isa = PBXBuildFile; fileRef = 1DE16FFD26F29D4A007B1B57 /* SportsWidget.intentdefinition */; };
		1DE1DD9F2761832E00740CD3 /* SportsCalUITests.swift in Sources */ = {isa = PBXBuildFile; fileRef = 1DE1DD9E2761832E00740CD3 /* SportsCalUITests.swift */; };
		1DE1DDA12761832E00740CD3 /* SportsCalUITestsLaunchTests.swift in Sources */ = {isa = PBXBuildFile; fileRef = 1DE1DDA02761832E00740CD3 /* SportsCalUITestsLaunchTests.swift */; };
		1DE1DDA8276185CE00740CD3 /* SnapshotHelper.swift in Sources */ = {isa = PBXBuildFile; fileRef = 1DE1DDA7276185CE00740CD3 /* SnapshotHelper.swift */; };
		1DE1F0BD2940590000741B19 /* LiveActivityStatusView.swift in Sources */ = {isa = PBXBuildFile; fileRef = 1DE1F0BC2940590000741B19 /* LiveActivityStatusView.swift */; };
		1DE1F0BF2941B94F00741B19 /* SportsWidgetLargeView.swift in Sources */ = {isa = PBXBuildFile; fileRef = 1DE1F0BE2941B94F00741B19 /* SportsWidgetLargeView.swift */; };
		1DE1F0C12941B96C00741B19 /* SportsWidgetCircularView.swift in Sources */ = {isa = PBXBuildFile; fileRef = 1DE1F0C02941B96C00741B19 /* SportsWidgetCircularView.swift */; };
		1DE1F0C32941B98100741B19 /* SportsWidgetRectangularView.swift in Sources */ = {isa = PBXBuildFile; fileRef = 1DE1F0C22941B98100741B19 /* SportsWidgetRectangularView.swift */; };
		1DE1F0C52941B99A00741B19 /* SportsWidgetInlineView.swift in Sources */ = {isa = PBXBuildFile; fileRef = 1DE1F0C42941B99A00741B19 /* SportsWidgetInlineView.swift */; };
		1DE1F0C72941B9B300741B19 /* SportsWidgetSmallView.swift in Sources */ = {isa = PBXBuildFile; fileRef = 1DE1F0C62941B9B300741B19 /* SportsWidgetSmallView.swift */; };
		1DE1F0C92941B9D100741B19 /* SportsWidgetMediumView.swift in Sources */ = {isa = PBXBuildFile; fileRef = 1DE1F0C82941B9D100741B19 /* SportsWidgetMediumView.swift */; };
		1DE1F0E02941D5BD00741B19 /* Intents.framework in Frameworks */ = {isa = PBXBuildFile; fileRef = 1DE0401F292D633300073494 /* Intents.framework */; };
		1DE1F0E32941D5BD00741B19 /* IntentHandler.swift in Sources */ = {isa = PBXBuildFile; fileRef = 1DE1F0E22941D5BD00741B19 /* IntentHandler.swift */; };
		1DE1F0E72941D5BD00741B19 /* SoccerLeaguesWidgetIntentExtension.appex in Embed Foundation Extensions */ = {isa = PBXBuildFile; fileRef = 1DE1F0DF2941D5BD00741B19 /* SoccerLeaguesWidgetIntentExtension.appex */; settings = {ATTRIBUTES = (RemoveHeadersOnCopy, ); }; };
		1DE1F0EC2941D60000741B19 /* SportsWidget.intentdefinition in Sources */ = {isa = PBXBuildFile; fileRef = 1DE16FFD26F29D4A007B1B57 /* SportsWidget.intentdefinition */; };
		1DE1F0EE2941E5A200741B19 /* SportsCalModel in Frameworks */ = {isa = PBXBuildFile; productRef = 1DE1F0ED2941E5A200741B19 /* SportsCalModel */; };
		1DEA4DFE290530B300CD1D8F /* SportsFilterView.swift in Sources */ = {isa = PBXBuildFile; fileRef = 1DEA4DFD290530B300CD1D8F /* SportsFilterView.swift */; };
		1DEA4E0129053AB900CD1D8F /* GameViewModel.swift in Sources */ = {isa = PBXBuildFile; fileRef = 1D486AFF28A834470024BC32 /* GameViewModel.swift */; };
		1DEC76C2268EFB6700D217A1 /* Tests_iOS.swift in Sources */ = {isa = PBXBuildFile; fileRef = 1DEC76C1268EFB6700D217A1 /* Tests_iOS.swift */; };
		1DEC76CC268EFB6700D217A1 /* Tests_macOS.swift in Sources */ = {isa = PBXBuildFile; fileRef = 1DEC76CB268EFB6700D217A1 /* Tests_macOS.swift */; };
		1DEC76CD268EFB6700D217A1 /* SportsCalApp.swift in Sources */ = {isa = PBXBuildFile; fileRef = 1DEC76AB268EFB6600D217A1 /* SportsCalApp.swift */; };
		1DEC76CF268EFB6700D217A1 /* ContentView.swift in Sources */ = {isa = PBXBuildFile; fileRef = 1DEC76AC268EFB6600D217A1 /* ContentView.swift */; };
		1DEC76D1268EFB6700D217A1 /* Assets.xcassets in Resources */ = {isa = PBXBuildFile; fileRef = 1DEC76AD268EFB6700D217A1 /* Assets.xcassets */; };
		1DEC76E2268EFC0500D217A1 /* NetworkHandler.swift in Sources */ = {isa = PBXBuildFile; fileRef = 1DEC76E1268EFC0500D217A1 /* NetworkHandler.swift */; };
		1DEC7705268F0AF200D217A1 /* NetworkErrors.swift in Sources */ = {isa = PBXBuildFile; fileRef = 1DEC7704268F0AF200D217A1 /* NetworkErrors.swift */; };
		1DEDD0EC26D179F5005ABF93 /* AppDelegate.swift in Sources */ = {isa = PBXBuildFile; fileRef = 1DEDD0EB26D179F5005ABF93 /* AppDelegate.swift */; };
		1DEDD0F126D353ED005ABF93 /* CalendarRepresentable.swift in Sources */ = {isa = PBXBuildFile; fileRef = 1DEDD0F026D353ED005ABF93 /* CalendarRepresentable.swift */; };
		1DF1FD922740AECB00783E62 /* Favorites.swift in Sources */ = {isa = PBXBuildFile; fileRef = 1DF1FD912740AECB00783E62 /* Favorites.swift */; };
		1DF1FD942741EFA800783E62 /* UserDefaultStorage.swift in Sources */ = {isa = PBXBuildFile; fileRef = 1DF1FD932741EFA800783E62 /* UserDefaultStorage.swift */; };
		1DF489B22737693F00A20512 /* Constants.swift in Sources */ = {isa = PBXBuildFile; fileRef = 1DF489B12737693F00A20512 /* Constants.swift */; };
		1DF489B42737693F00A20512 /* Constants.swift in Sources */ = {isa = PBXBuildFile; fileRef = 1DF489B12737693F00A20512 /* Constants.swift */; };
		1DF489B52737693F00A20512 /* Constants.swift in Sources */ = {isa = PBXBuildFile; fileRef = 1DF489B12737693F00A20512 /* Constants.swift */; };
		1DF489B62737693F00A20512 /* Constants.swift in Sources */ = {isa = PBXBuildFile; fileRef = 1DF489B12737693F00A20512 /* Constants.swift */; };
		1DF5C5582713F48500842FDA /* SportsWidgetExtension.appex in Embed Foundation Extensions */ = {isa = PBXBuildFile; fileRef = 1DE16FF526F29D4A007B1B57 /* SportsWidgetExtension.appex */; settings = {ATTRIBUTES = (RemoveHeadersOnCopy, ); }; };
/* End PBXBuildFile section */

/* Begin PBXContainerItemProxy section */
		1DE1DDA22761832E00740CD3 /* PBXContainerItemProxy */ = {
			isa = PBXContainerItemProxy;
			containerPortal = 1DEC76A6268EFB6500D217A1 /* Project object */;
			proxyType = 1;
			remoteGlobalIDString = 1DEC76B1268EFB6700D217A1;
			remoteInfo = "SportsCal (iOS)";
		};
		1DE1F0E52941D5BD00741B19 /* PBXContainerItemProxy */ = {
			isa = PBXContainerItemProxy;
			containerPortal = 1DEC76A6268EFB6500D217A1 /* Project object */;
			proxyType = 1;
			remoteGlobalIDString = 1DE1F0DE2941D5BD00741B19;
			remoteInfo = SoccerLeaguesWidgetIntentExtension;
		};
		1DEC76BE268EFB6700D217A1 /* PBXContainerItemProxy */ = {
			isa = PBXContainerItemProxy;
			containerPortal = 1DEC76A6268EFB6500D217A1 /* Project object */;
			proxyType = 1;
			remoteGlobalIDString = 1DEC76B1268EFB6700D217A1;
			remoteInfo = "SportsCal (iOS)";
		};
		1DF5C5592713F48500842FDA /* PBXContainerItemProxy */ = {
			isa = PBXContainerItemProxy;
			containerPortal = 1DEC76A6268EFB6500D217A1 /* Project object */;
			proxyType = 1;
			remoteGlobalIDString = 1DE16FF426F29D4A007B1B57;
			remoteInfo = SportsWidgetExtension;
		};
/* End PBXContainerItemProxy section */

/* Begin PBXCopyFilesBuildPhase section */
		1DF5C55B2713F48500842FDA /* Embed Foundation Extensions */ = {
			isa = PBXCopyFilesBuildPhase;
			buildActionMask = 2147483647;
			dstPath = "";
			dstSubfolderSpec = 13;
			files = (
				1DE1F0E72941D5BD00741B19 /* SoccerLeaguesWidgetIntentExtension.appex in Embed Foundation Extensions */,
				1DF5C5582713F48500842FDA /* SportsWidgetExtension.appex in Embed Foundation Extensions */,
			);
			name = "Embed Foundation Extensions";
			runOnlyForDeploymentPostprocessing = 0;
		};
/* End PBXCopyFilesBuildPhase section */

/* Begin PBXFileReference section */
		1D12399F26D0D180001B503E /* LocalNotificationManager.swift */ = {isa = PBXFileReference; fileEncoding = 4; lastKnownFileType = sourcecode.swift; path = LocalNotificationManager.swift; sourceTree = "<group>"; };
		1D20B337292893DD00956B14 /* GameManager.swift */ = {isa = PBXFileReference; lastKnownFileType = sourcecode.swift; path = GameManager.swift; sourceTree = "<group>"; };
		1D20B33A2928C45A00956B14 /* PickSportPage.swift */ = {isa = PBXFileReference; lastKnownFileType = sourcecode.swift; path = PickSportPage.swift; sourceTree = "<group>"; };
		1D20B33C2929D8C900956B14 /* MiniSubscriptionPage.swift */ = {isa = PBXFileReference; lastKnownFileType = sourcecode.swift; path = MiniSubscriptionPage.swift; sourceTree = "<group>"; };
		1D20B33E292A115200956B14 /* SubscriptionSheet.swift */ = {isa = PBXFileReference; lastKnownFileType = sourcecode.swift; path = SubscriptionSheet.swift; sourceTree = "<group>"; };
		1D3DD52D27FBEF310086DD9E /* CompetitionPage.swift */ = {isa = PBXFileReference; lastKnownFileType = sourcecode.swift; path = CompetitionPage.swift; sourceTree = "<group>"; };
		1D3DD52F27FBEF400086DD9E /* CompetitionView.swift */ = {isa = PBXFileReference; lastKnownFileType = sourcecode.swift; path = CompetitionView.swift; sourceTree = "<group>"; };
		1D40808329091A2000729FFE /* UpcomingGameView.swift */ = {isa = PBXFileReference; lastKnownFileType = sourcecode.swift; path = UpcomingGameView.swift; sourceTree = "<group>"; };
		1D408087290B610200729FFE /* GameFormatter.swift */ = {isa = PBXFileReference; lastKnownFileType = sourcecode.swift; path = GameFormatter.swift; sourceTree = "<group>"; };
		1D40808B290B7CED00729FFE /* IndividualTeamView.swift */ = {isa = PBXFileReference; lastKnownFileType = sourcecode.swift; path = IndividualTeamView.swift; sourceTree = "<group>"; };
		1D40808D290B856C00729FFE /* CalendarButton.swift */ = {isa = PBXFileReference; lastKnownFileType = sourcecode.swift; path = CalendarButton.swift; sourceTree = "<group>"; };
		1D40808F290B862700729FFE /* NotifyButton.swift */ = {isa = PBXFileReference; lastKnownFileType = sourcecode.swift; path = NotifyButton.swift; sourceTree = "<group>"; };
		1D408092290BA23100729FFE /* LiveActivityButton.swift */ = {isa = PBXFileReference; lastKnownFileType = sourcecode.swift; path = LiveActivityButton.swift; sourceTree = "<group>"; };
		1D408094290BA96A00729FFE /* LiveSportActivityAttributes.swift */ = {isa = PBXFileReference; lastKnownFileType = sourcecode.swift; path = LiveSportActivityAttributes.swift; sourceTree = "<group>"; };
		1D408096290BAA6A00729FFE /* LiveSportActivityWidget.swift */ = {isa = PBXFileReference; lastKnownFileType = sourcecode.swift; path = LiveSportActivityWidget.swift; sourceTree = "<group>"; };
		1D486AFF28A834470024BC32 /* GameViewModel.swift */ = {isa = PBXFileReference; lastKnownFileType = sourcecode.swift; path = GameViewModel.swift; sourceTree = "<group>"; };
		1D5C463026C9C5F900BA827B /* SubscriptionManager.swift */ = {isa = PBXFileReference; lastKnownFileType = sourcecode.swift; path = SubscriptionManager.swift; sourceTree = "<group>"; };
		1D5C463326C9F10400BA827B /* Confetti.swift */ = {isa = PBXFileReference; lastKnownFileType = sourcecode.swift; path = Confetti.swift; sourceTree = "<group>"; };
		1D5C463626C9FB5000BA827B /* SettingsData.swift */ = {isa = PBXFileReference; lastKnownFileType = sourcecode.swift; path = SettingsData.swift; sourceTree = "<group>"; };
		1D5C463926C9FD0800BA827B /* OnboardingPage.swift */ = {isa = PBXFileReference; lastKnownFileType = sourcecode.swift; path = OnboardingPage.swift; sourceTree = "<group>"; };
		1D63E71826A9494800FC3DE6 /* Date+Extensions.swift */ = {isa = PBXFileReference; lastKnownFileType = sourcecode.swift; path = "Date+Extensions.swift"; sourceTree = "<group>"; };
		1D79FFBF26C9B3480041A673 /* SubscriptionPage.swift */ = {isa = PBXFileReference; lastKnownFileType = sourcecode.swift; path = SubscriptionPage.swift; sourceTree = "<group>"; };
		1D8352D42905532D00E60D7F /* DateFormatters.swift */ = {isa = PBXFileReference; lastKnownFileType = sourcecode.swift; path = DateFormatters.swift; sourceTree = "<group>"; };
		1D90DA8727FEA9F6007C570A /* DummySubscriptionOptionView.swift */ = {isa = PBXFileReference; lastKnownFileType = sourcecode.swift; path = DummySubscriptionOptionView.swift; sourceTree = "<group>"; };
		1D9D2CEF27702FFB00735AF0 /* FavoriteButtonView.swift */ = {isa = PBXFileReference; lastKnownFileType = sourcecode.swift; path = FavoriteButtonView.swift; sourceTree = "<group>"; };
		1DA4343329079D3D0010364F /* Teams+Extensions.swift */ = {isa = PBXFileReference; lastKnownFileType = sourcecode.swift; path = "Teams+Extensions.swift"; sourceTree = "<group>"; };
		1DA434372907A48C0010364F /* GameScoreView.swift */ = {isa = PBXFileReference; lastKnownFileType = sourcecode.swift; path = GameScoreView.swift; sourceTree = "<group>"; };
		1DCEBF0426C045B200913A94 /* SettingsView.swift */ = {isa = PBXFileReference; lastKnownFileType = sourcecode.swift; path = SettingsView.swift; sourceTree = "<group>"; };
		1DD35DB52907B6AE009A2113 /* LiveAnimatedView.swift */ = {isa = PBXFileReference; lastKnownFileType = sourcecode.swift; path = LiveAnimatedView.swift; sourceTree = "<group>"; };
		1DE0401F292D633300073494 /* Intents.framework */ = {isa = PBXFileReference; lastKnownFileType = wrapper.framework; name = Intents.framework; path = System/Library/Frameworks/Intents.framework; sourceTree = SDKROOT; };
		1DE0402C292D713800073494 /* Cache.swift */ = {isa = PBXFileReference; fileEncoding = 4; lastKnownFileType = sourcecode.swift; path = Cache.swift; sourceTree = "<group>"; };
		1DE04049293746F500073494 /* Provider.swift */ = {isa = PBXFileReference; lastKnownFileType = sourcecode.swift; path = Provider.swift; sourceTree = "<group>"; };
		1DE16FF526F29D4A007B1B57 /* SportsWidgetExtension.appex */ = {isa = PBXFileReference; explicitFileType = "wrapper.app-extension"; includeInIndex = 0; path = SportsWidgetExtension.appex; sourceTree = BUILT_PRODUCTS_DIR; };
		1DE16FF626F29D4A007B1B57 /* WidgetKit.framework */ = {isa = PBXFileReference; lastKnownFileType = wrapper.framework; name = WidgetKit.framework; path = System/Library/Frameworks/WidgetKit.framework; sourceTree = SDKROOT; };
		1DE16FF826F29D4A007B1B57 /* SwiftUI.framework */ = {isa = PBXFileReference; lastKnownFileType = wrapper.framework; name = SwiftUI.framework; path = System/Library/Frameworks/SwiftUI.framework; sourceTree = SDKROOT; };
		1DE16FFB26F29D4A007B1B57 /* SportsWidget.swift */ = {isa = PBXFileReference; lastKnownFileType = sourcecode.swift; path = SportsWidget.swift; sourceTree = "<group>"; };
		1DE16FFD26F29D4A007B1B57 /* SportsWidget.intentdefinition */ = {isa = PBXFileReference; lastKnownFileType = file.intentdefinition; path = SportsWidget.intentdefinition; sourceTree = "<group>"; };
		1DE16FFE26F29D4B007B1B57 /* Assets.xcassets */ = {isa = PBXFileReference; lastKnownFileType = folder.assetcatalog; path = Assets.xcassets; sourceTree = "<group>"; };
		1DE1700026F29D4B007B1B57 /* Info.plist */ = {isa = PBXFileReference; lastKnownFileType = text.plist.xml; path = Info.plist; sourceTree = "<group>"; };
		1DE1700626F29D4B007B1B57 /* SportsWidgetExtension.entitlements */ = {isa = PBXFileReference; lastKnownFileType = text.plist.entitlements; path = SportsWidgetExtension.entitlements; sourceTree = "<group>"; };
		1DE1DD9C2761832E00740CD3 /* SportsCalUITests.xctest */ = {isa = PBXFileReference; explicitFileType = wrapper.cfbundle; includeInIndex = 0; path = SportsCalUITests.xctest; sourceTree = BUILT_PRODUCTS_DIR; };
		1DE1DD9E2761832E00740CD3 /* SportsCalUITests.swift */ = {isa = PBXFileReference; lastKnownFileType = sourcecode.swift; path = SportsCalUITests.swift; sourceTree = "<group>"; };
		1DE1DDA02761832E00740CD3 /* SportsCalUITestsLaunchTests.swift */ = {isa = PBXFileReference; lastKnownFileType = sourcecode.swift; path = SportsCalUITestsLaunchTests.swift; sourceTree = "<group>"; };
		1DE1DDA7276185CE00740CD3 /* SnapshotHelper.swift */ = {isa = PBXFileReference; fileEncoding = 4; lastKnownFileType = sourcecode.swift; name = SnapshotHelper.swift; path = fastlane/SnapshotHelper.swift; sourceTree = SOURCE_ROOT; };
		1DE1F0BC2940590000741B19 /* LiveActivityStatusView.swift */ = {isa = PBXFileReference; lastKnownFileType = sourcecode.swift; path = LiveActivityStatusView.swift; sourceTree = "<group>"; };
		1DE1F0BE2941B94F00741B19 /* SportsWidgetLargeView.swift */ = {isa = PBXFileReference; lastKnownFileType = sourcecode.swift; path = SportsWidgetLargeView.swift; sourceTree = "<group>"; };
		1DE1F0C02941B96C00741B19 /* SportsWidgetCircularView.swift */ = {isa = PBXFileReference; lastKnownFileType = sourcecode.swift; path = SportsWidgetCircularView.swift; sourceTree = "<group>"; };
		1DE1F0C22941B98100741B19 /* SportsWidgetRectangularView.swift */ = {isa = PBXFileReference; lastKnownFileType = sourcecode.swift; path = SportsWidgetRectangularView.swift; sourceTree = "<group>"; };
		1DE1F0C42941B99A00741B19 /* SportsWidgetInlineView.swift */ = {isa = PBXFileReference; lastKnownFileType = sourcecode.swift; path = SportsWidgetInlineView.swift; sourceTree = "<group>"; };
		1DE1F0C62941B9B300741B19 /* SportsWidgetSmallView.swift */ = {isa = PBXFileReference; lastKnownFileType = sourcecode.swift; path = SportsWidgetSmallView.swift; sourceTree = "<group>"; };
		1DE1F0C82941B9D100741B19 /* SportsWidgetMediumView.swift */ = {isa = PBXFileReference; lastKnownFileType = sourcecode.swift; path = SportsWidgetMediumView.swift; sourceTree = "<group>"; };
		1DE1F0DF2941D5BD00741B19 /* SoccerLeaguesWidgetIntentExtension.appex */ = {isa = PBXFileReference; explicitFileType = "wrapper.app-extension"; includeInIndex = 0; path = SoccerLeaguesWidgetIntentExtension.appex; sourceTree = BUILT_PRODUCTS_DIR; };
		1DE1F0E22941D5BD00741B19 /* IntentHandler.swift */ = {isa = PBXFileReference; lastKnownFileType = sourcecode.swift; path = IntentHandler.swift; sourceTree = "<group>"; };
		1DE1F0E42941D5BD00741B19 /* Info.plist */ = {isa = PBXFileReference; lastKnownFileType = text.plist.xml; path = Info.plist; sourceTree = "<group>"; };
		1DE1F0E82941D5BE00741B19 /* SoccerLeaguesWidgetIntentExtension.entitlements */ = {isa = PBXFileReference; lastKnownFileType = text.plist.entitlements; path = SoccerLeaguesWidgetIntentExtension.entitlements; sourceTree = "<group>"; };
		1DEA4DFD290530B300CD1D8F /* SportsFilterView.swift */ = {isa = PBXFileReference; lastKnownFileType = sourcecode.swift; path = SportsFilterView.swift; sourceTree = "<group>"; };
		1DEC76AB268EFB6600D217A1 /* SportsCalApp.swift */ = {isa = PBXFileReference; lastKnownFileType = sourcecode.swift; path = SportsCalApp.swift; sourceTree = "<group>"; };
		1DEC76AC268EFB6600D217A1 /* ContentView.swift */ = {isa = PBXFileReference; lastKnownFileType = sourcecode.swift; path = ContentView.swift; sourceTree = "<group>"; };
		1DEC76AD268EFB6700D217A1 /* Assets.xcassets */ = {isa = PBXFileReference; lastKnownFileType = folder.assetcatalog; path = Assets.xcassets; sourceTree = "<group>"; };
		1DEC76B2268EFB6700D217A1 /* SportsCal.app */ = {isa = PBXFileReference; explicitFileType = wrapper.application; includeInIndex = 0; path = SportsCal.app; sourceTree = BUILT_PRODUCTS_DIR; };
		1DEC76BD268EFB6700D217A1 /* Tests iOS.xctest */ = {isa = PBXFileReference; explicitFileType = wrapper.cfbundle; includeInIndex = 0; path = "Tests iOS.xctest"; sourceTree = BUILT_PRODUCTS_DIR; };
		1DEC76C1268EFB6700D217A1 /* Tests_iOS.swift */ = {isa = PBXFileReference; lastKnownFileType = sourcecode.swift; path = Tests_iOS.swift; sourceTree = "<group>"; };
		1DEC76C7268EFB6700D217A1 /* Tests macOS.xctest */ = {isa = PBXFileReference; explicitFileType = wrapper.cfbundle; includeInIndex = 0; path = "Tests macOS.xctest"; sourceTree = BUILT_PRODUCTS_DIR; };
		1DEC76CB268EFB6700D217A1 /* Tests_macOS.swift */ = {isa = PBXFileReference; lastKnownFileType = sourcecode.swift; path = Tests_macOS.swift; sourceTree = "<group>"; };
		1DEC76E1268EFC0500D217A1 /* NetworkHandler.swift */ = {isa = PBXFileReference; lastKnownFileType = sourcecode.swift; path = NetworkHandler.swift; sourceTree = "<group>"; };
		1DEC7704268F0AF200D217A1 /* NetworkErrors.swift */ = {isa = PBXFileReference; lastKnownFileType = sourcecode.swift; path = NetworkErrors.swift; sourceTree = "<group>"; };
		1DEDD0EB26D179F5005ABF93 /* AppDelegate.swift */ = {isa = PBXFileReference; lastKnownFileType = sourcecode.swift; path = AppDelegate.swift; sourceTree = "<group>"; };
		1DEDD0EE26D1809C005ABF93 /* SportsCal (iOS).entitlements */ = {isa = PBXFileReference; lastKnownFileType = text.plist.entitlements; path = "SportsCal (iOS).entitlements"; sourceTree = "<group>"; };
		1DEDD0EF26D180AC005ABF93 /* SportsCal (iOS)Release.entitlements */ = {isa = PBXFileReference; lastKnownFileType = text.plist.entitlements; path = "SportsCal (iOS)Release.entitlements"; sourceTree = "<group>"; };
		1DEDD0F026D353ED005ABF93 /* CalendarRepresentable.swift */ = {isa = PBXFileReference; lastKnownFileType = sourcecode.swift; path = CalendarRepresentable.swift; sourceTree = "<group>"; };
		1DF1FD912740AECB00783E62 /* Favorites.swift */ = {isa = PBXFileReference; lastKnownFileType = sourcecode.swift; path = Favorites.swift; sourceTree = "<group>"; };
		1DF1FD932741EFA800783E62 /* UserDefaultStorage.swift */ = {isa = PBXFileReference; lastKnownFileType = sourcecode.swift; path = UserDefaultStorage.swift; sourceTree = "<group>"; };
		1DF1FD96274326F100783E62 /* ci_post_clone.sh */ = {isa = PBXFileReference; lastKnownFileType = text.script.sh; path = ci_post_clone.sh; sourceTree = "<group>"; };
		1DF489B12737693F00A20512 /* Constants.swift */ = {isa = PBXFileReference; lastKnownFileType = sourcecode.swift; path = Constants.swift; sourceTree = "<group>"; };
		1DF5C5572713D92200842FDA /* SportsCal--iOS--Info.plist */ = {isa = PBXFileReference; lastKnownFileType = text.plist; path = "SportsCal--iOS--Info.plist"; sourceTree = "<group>"; };
/* End PBXFileReference section */

/* Begin PBXFrameworksBuildPhase section */
		1DE16FF226F29D4A007B1B57 /* Frameworks */ = {
			isa = PBXFrameworksBuildPhase;
			buildActionMask = 2147483647;
			files = (
				1DE16FF926F29D4A007B1B57 /* SwiftUI.framework in Frameworks */,
				1D40809D290BB06000729FFE /* CachedAsyncImage in Frameworks */,
				1DE16FF726F29D4A007B1B57 /* WidgetKit.framework in Frameworks */,
				1DC72186290777A500628B14 /* SportsCalModel in Frameworks */,
			);
			runOnlyForDeploymentPostprocessing = 0;
		};
		1DE1DD992761832E00740CD3 /* Frameworks */ = {
			isa = PBXFrameworksBuildPhase;
			buildActionMask = 2147483647;
			files = (
			);
			runOnlyForDeploymentPostprocessing = 0;
		};
		1DE1F0DC2941D5BD00741B19 /* Frameworks */ = {
			isa = PBXFrameworksBuildPhase;
			buildActionMask = 2147483647;
			files = (
				1DE1F0EE2941E5A200741B19 /* SportsCalModel in Frameworks */,
				1DE1F0E02941D5BD00741B19 /* Intents.framework in Frameworks */,
			);
			runOnlyForDeploymentPostprocessing = 0;
		};
		1DEC76AF268EFB6700D217A1 /* Frameworks */ = {
			isa = PBXFrameworksBuildPhase;
			buildActionMask = 2147483647;
			files = (
				1DA4343B2907A95B0010364F /* CachedAsyncImage in Frameworks */,
				1DC721822907779A00628B14 /* SportsCalModel in Frameworks */,
				1D79FFBB26C9B0A40041A673 /* Purchases in Frameworks */,
			);
			runOnlyForDeploymentPostprocessing = 0;
		};
		1DEC76BA268EFB6700D217A1 /* Frameworks */ = {
			isa = PBXFrameworksBuildPhase;
			buildActionMask = 2147483647;
			files = (
			);
			runOnlyForDeploymentPostprocessing = 0;
		};
		1DEC76C4268EFB6700D217A1 /* Frameworks */ = {
			isa = PBXFrameworksBuildPhase;
			buildActionMask = 2147483647;
			files = (
			);
			runOnlyForDeploymentPostprocessing = 0;
		};
/* End PBXFrameworksBuildPhase section */

/* Begin PBXGroup section */
		1D486AFE28A833280024BC32 /* Views */ = {
			isa = PBXGroup;
			children = (
				1D20B33A2928C45A00956B14 /* PickSportPage.swift */,
				1DEDD0F026D353ED005ABF93 /* CalendarRepresentable.swift */,
				1D3DD52D27FBEF310086DD9E /* CompetitionPage.swift */,
				1D3DD52F27FBEF400086DD9E /* CompetitionView.swift */,
				1D9D2CEF27702FFB00735AF0 /* FavoriteButtonView.swift */,
				1D5C463926C9FD0800BA827B /* OnboardingPage.swift */,
				1D79FFBF26C9B3480041A673 /* SubscriptionPage.swift */,
				1D20B33C2929D8C900956B14 /* MiniSubscriptionPage.swift */,
				1D90DA8727FEA9F6007C570A /* DummySubscriptionOptionView.swift */,
				1D5C463326C9F10400BA827B /* Confetti.swift */,
				1DEC76AC268EFB6600D217A1 /* ContentView.swift */,
				1DEA4DFD290530B300CD1D8F /* SportsFilterView.swift */,
				1DA434372907A48C0010364F /* GameScoreView.swift */,
				1D408092290BA23100729FFE /* LiveActivityButton.swift */,
				1D40808B290B7CED00729FFE /* IndividualTeamView.swift */,
				1D40808329091A2000729FFE /* UpcomingGameView.swift */,
				1D40808F290B862700729FFE /* NotifyButton.swift */,
				1D40808D290B856C00729FFE /* CalendarButton.swift */,
				1DD35DB52907B6AE009A2113 /* LiveAnimatedView.swift */,
				1DCEBF0426C045B200913A94 /* SettingsView.swift */,
				1D20B33E292A115200956B14 /* SubscriptionSheet.swift */,
			);
			path = Views;
			sourceTree = "<group>";
		};
		1DA4343229079D270010364F /* Model */ = {
			isa = PBXGroup;
			children = (
				1DE0402C292D713800073494 /* Cache.swift */,
				1D486AFF28A834470024BC32 /* GameViewModel.swift */,
				1D20B337292893DD00956B14 /* GameManager.swift */,
				1DA4343329079D3D0010364F /* Teams+Extensions.swift */,
			);
			path = Model;
			sourceTree = "<group>";
		};
		1DE16FFA26F29D4A007B1B57 /* SportsWidget */ = {
			isa = PBXGroup;
			children = (
				1DE16FFB26F29D4A007B1B57 /* SportsWidget.swift */,
				1DE1F0C82941B9D100741B19 /* SportsWidgetMediumView.swift */,
				1DE1F0C62941B9B300741B19 /* SportsWidgetSmallView.swift */,
				1DE1F0C42941B99A00741B19 /* SportsWidgetInlineView.swift */,
				1DE1F0C22941B98100741B19 /* SportsWidgetRectangularView.swift */,
				1DE1F0C02941B96C00741B19 /* SportsWidgetCircularView.swift */,
				1DE1F0BE2941B94F00741B19 /* SportsWidgetLargeView.swift */,
				1DE04049293746F500073494 /* Provider.swift */,
				1D408096290BAA6A00729FFE /* LiveSportActivityWidget.swift */,
				1DE16FFD26F29D4A007B1B57 /* SportsWidget.intentdefinition */,
				1DE16FFE26F29D4B007B1B57 /* Assets.xcassets */,
				1DE1700026F29D4B007B1B57 /* Info.plist */,
			);
			path = SportsWidget;
			sourceTree = "<group>";
		};
		1DE1DD9D2761832E00740CD3 /* SportsCalUITests */ = {
			isa = PBXGroup;
			children = (
				1DE1DDA7276185CE00740CD3 /* SnapshotHelper.swift */,
				1DE1DD9E2761832E00740CD3 /* SportsCalUITests.swift */,
				1DE1DDA02761832E00740CD3 /* SportsCalUITestsLaunchTests.swift */,
			);
			path = SportsCalUITests;
			sourceTree = "<group>";
		};
		1DE1F0E12941D5BD00741B19 /* SoccerLeaguesWidgetIntentExtension */ = {
			isa = PBXGroup;
			children = (
				1DE1F0E82941D5BE00741B19 /* SoccerLeaguesWidgetIntentExtension.entitlements */,
				1DE1F0E22941D5BD00741B19 /* IntentHandler.swift */,
				1DE1F0E42941D5BD00741B19 /* Info.plist */,
			);
			path = SoccerLeaguesWidgetIntentExtension;
			sourceTree = "<group>";
		};
		1DEC76A5268EFB6500D217A1 = {
			isa = PBXGroup;
			children = (
				1DF1FD95274326A400783E62 /* ci_scripts */,
				1DF5C5572713D92200842FDA /* SportsCal--iOS--Info.plist */,
				1DE1700626F29D4B007B1B57 /* SportsWidgetExtension.entitlements */,
				1DEDD0EF26D180AC005ABF93 /* SportsCal (iOS)Release.entitlements */,
				1DEDD0EE26D1809C005ABF93 /* SportsCal (iOS).entitlements */,
				1DEC76AA268EFB6600D217A1 /* Shared */,
				1DEC76C0268EFB6700D217A1 /* Tests iOS */,
				1DEC76CA268EFB6700D217A1 /* Tests macOS */,
				1DE16FFA26F29D4A007B1B57 /* SportsWidget */,
				1DE1DD9D2761832E00740CD3 /* SportsCalUITests */,
				1DE1F0E12941D5BD00741B19 /* SoccerLeaguesWidgetIntentExtension */,
				1DEC76B3268EFB6700D217A1 /* Products */,
				1DEE12F626D0A1C8000EC870 /* Frameworks */,
			);
			sourceTree = "<group>";
		};
		1DEC76AA268EFB6600D217A1 /* Shared */ = {
			isa = PBXGroup;
			children = (
				1DE1F0BC2940590000741B19 /* LiveActivityStatusView.swift */,
				1D408094290BA96A00729FFE /* LiveSportActivityAttributes.swift */,
				1DA4343229079D270010364F /* Model */,
				1D486AFE28A833280024BC32 /* Views */,
				1DF1FD932741EFA800783E62 /* UserDefaultStorage.swift */,
				1DF1FD912740AECB00783E62 /* Favorites.swift */,
				1DF489B12737693F00A20512 /* Constants.swift */,
				1D12399F26D0D180001B503E /* LocalNotificationManager.swift */,
				1D5C463026C9C5F900BA827B /* SubscriptionManager.swift */,
				1D408087290B610200729FFE /* GameFormatter.swift */,
				1D63E71826A9494800FC3DE6 /* Date+Extensions.swift */,
				1DEC76AB268EFB6600D217A1 /* SportsCalApp.swift */,
				1DEDD0EB26D179F5005ABF93 /* AppDelegate.swift */,
				1DEC76E1268EFC0500D217A1 /* NetworkHandler.swift */,
				1DEC7704268F0AF200D217A1 /* NetworkErrors.swift */,
				1D5C463626C9FB5000BA827B /* SettingsData.swift */,
				1DEC76AD268EFB6700D217A1 /* Assets.xcassets */,
				1D8352D42905532D00E60D7F /* DateFormatters.swift */,
			);
			path = Shared;
			sourceTree = "<group>";
		};
		1DEC76B3268EFB6700D217A1 /* Products */ = {
			isa = PBXGroup;
			children = (
				1DEC76B2268EFB6700D217A1 /* SportsCal.app */,
				1DEC76BD268EFB6700D217A1 /* Tests iOS.xctest */,
				1DEC76C7268EFB6700D217A1 /* Tests macOS.xctest */,
				1DE16FF526F29D4A007B1B57 /* SportsWidgetExtension.appex */,
				1DE1DD9C2761832E00740CD3 /* SportsCalUITests.xctest */,
				1DE1F0DF2941D5BD00741B19 /* SoccerLeaguesWidgetIntentExtension.appex */,
			);
			name = Products;
			sourceTree = "<group>";
		};
		1DEC76C0268EFB6700D217A1 /* Tests iOS */ = {
			isa = PBXGroup;
			children = (
				1DEC76C1268EFB6700D217A1 /* Tests_iOS.swift */,
			);
			path = "Tests iOS";
			sourceTree = "<group>";
		};
		1DEC76CA268EFB6700D217A1 /* Tests macOS */ = {
			isa = PBXGroup;
			children = (
				1DEC76CB268EFB6700D217A1 /* Tests_macOS.swift */,
			);
			path = "Tests macOS";
			sourceTree = "<group>";
		};
		1DEE12F626D0A1C8000EC870 /* Frameworks */ = {
			isa = PBXGroup;
			children = (
				1DE16FF626F29D4A007B1B57 /* WidgetKit.framework */,
				1DE16FF826F29D4A007B1B57 /* SwiftUI.framework */,
				1DE0401F292D633300073494 /* Intents.framework */,
			);
			name = Frameworks;
			sourceTree = "<group>";
		};
		1DF1FD95274326A400783E62 /* ci_scripts */ = {
			isa = PBXGroup;
			children = (
				1DF1FD96274326F100783E62 /* ci_post_clone.sh */,
			);
			path = ci_scripts;
			sourceTree = "<group>";
		};
/* End PBXGroup section */

/* Begin PBXNativeTarget section */
		1DE16FF426F29D4A007B1B57 /* SportsWidgetExtension */ = {
			isa = PBXNativeTarget;
			buildConfigurationList = 1DE1700A26F29D4B007B1B57 /* Build configuration list for PBXNativeTarget "SportsWidgetExtension" */;
			buildPhases = (
				1DE16FF126F29D4A007B1B57 /* Sources */,
				1DE16FF226F29D4A007B1B57 /* Frameworks */,
				1DE16FF326F29D4A007B1B57 /* Resources */,
			);
			buildRules = (
			);
			dependencies = (
			);
			name = SportsWidgetExtension;
			packageProductDependencies = (
				1DC72185290777A500628B14 /* SportsCalModel */,
				1D40809C290BB06000729FFE /* CachedAsyncImage */,
			);
			productName = SportsWidgetExtension;
			productReference = 1DE16FF526F29D4A007B1B57 /* SportsWidgetExtension.appex */;
			productType = "com.apple.product-type.app-extension";
		};
		1DE1DD9B2761832E00740CD3 /* SportsCalUITests */ = {
			isa = PBXNativeTarget;
			buildConfigurationList = 1DE1DDA42761832E00740CD3 /* Build configuration list for PBXNativeTarget "SportsCalUITests" */;
			buildPhases = (
				1DE1DD982761832E00740CD3 /* Sources */,
				1DE1DD992761832E00740CD3 /* Frameworks */,
				1DE1DD9A2761832E00740CD3 /* Resources */,
			);
			buildRules = (
			);
			dependencies = (
				1DE1DDA32761832E00740CD3 /* PBXTargetDependency */,
			);
			name = SportsCalUITests;
			productName = SportsCalUITests;
			productReference = 1DE1DD9C2761832E00740CD3 /* SportsCalUITests.xctest */;
			productType = "com.apple.product-type.bundle.ui-testing";
		};
		1DE1F0DE2941D5BD00741B19 /* SoccerLeaguesWidgetIntentExtension */ = {
			isa = PBXNativeTarget;
			buildConfigurationList = 1DE1F0E92941D5BF00741B19 /* Build configuration list for PBXNativeTarget "SoccerLeaguesWidgetIntentExtension" */;
			buildPhases = (
				1DE1F0DB2941D5BD00741B19 /* Sources */,
				1DE1F0DC2941D5BD00741B19 /* Frameworks */,
				1DE1F0DD2941D5BD00741B19 /* Resources */,
			);
			buildRules = (
			);
			dependencies = (
			);
			name = SoccerLeaguesWidgetIntentExtension;
			packageProductDependencies = (
				1DE1F0ED2941E5A200741B19 /* SportsCalModel */,
			);
			productName = SoccerLeaguesWidgetIntentExtension;
			productReference = 1DE1F0DF2941D5BD00741B19 /* SoccerLeaguesWidgetIntentExtension.appex */;
			productType = "com.apple.product-type.app-extension";
		};
		1DEC76B1268EFB6700D217A1 /* SportsCal (iOS) */ = {
			isa = PBXNativeTarget;
			buildConfigurationList = 1DEC76D5268EFB6700D217A1 /* Build configuration list for PBXNativeTarget "SportsCal (iOS)" */;
			buildPhases = (
				1DEC76AE268EFB6700D217A1 /* Sources */,
				1DEC76AF268EFB6700D217A1 /* Frameworks */,
				1DEC76B0268EFB6700D217A1 /* Resources */,
				1DF5C55B2713F48500842FDA /* Embed Foundation Extensions */,
			);
			buildRules = (
			);
			dependencies = (
				1DF5C55A2713F48500842FDA /* PBXTargetDependency */,
				1DE1F0E62941D5BD00741B19 /* PBXTargetDependency */,
			);
			name = "SportsCal (iOS)";
			packageProductDependencies = (
				1D79FFBA26C9B0A40041A673 /* Purchases */,
				1DC721812907779A00628B14 /* SportsCalModel */,
				1DA4343A2907A95B0010364F /* CachedAsyncImage */,
			);
			productName = "SportsCal (iOS)";
			productReference = 1DEC76B2268EFB6700D217A1 /* SportsCal.app */;
			productType = "com.apple.product-type.application";
		};
		1DEC76BC268EFB6700D217A1 /* Tests iOS */ = {
			isa = PBXNativeTarget;
			buildConfigurationList = 1DEC76DB268EFB6700D217A1 /* Build configuration list for PBXNativeTarget "Tests iOS" */;
			buildPhases = (
				1DEC76B9268EFB6700D217A1 /* Sources */,
				1DEC76BA268EFB6700D217A1 /* Frameworks */,
				1DEC76BB268EFB6700D217A1 /* Resources */,
			);
			buildRules = (
			);
			dependencies = (
				1DEC76BF268EFB6700D217A1 /* PBXTargetDependency */,
			);
			name = "Tests iOS";
			productName = "Tests iOS";
			productReference = 1DEC76BD268EFB6700D217A1 /* Tests iOS.xctest */;
			productType = "com.apple.product-type.bundle.ui-testing";
		};
		1DEC76C6268EFB6700D217A1 /* Tests macOS */ = {
			isa = PBXNativeTarget;
			buildConfigurationList = 1DEC76DE268EFB6700D217A1 /* Build configuration list for PBXNativeTarget "Tests macOS" */;
			buildPhases = (
				1DEC76C3268EFB6700D217A1 /* Sources */,
				1DEC76C4268EFB6700D217A1 /* Frameworks */,
				1DEC76C5268EFB6700D217A1 /* Resources */,
			);
			buildRules = (
			);
			dependencies = (
			);
			name = "Tests macOS";
			productName = "Tests macOS";
			productReference = 1DEC76C7268EFB6700D217A1 /* Tests macOS.xctest */;
			productType = "com.apple.product-type.bundle.ui-testing";
		};
/* End PBXNativeTarget section */

/* Begin PBXProject section */
		1DEC76A6268EFB6500D217A1 /* Project object */ = {
			isa = PBXProject;
			attributes = {
				BuildIndependentTargetsInParallel = 1;
				LastSwiftUpdateCheck = 1410;
				LastUpgradeCheck = 1410;
				TargetAttributes = {
					1DE16FF426F29D4A007B1B57 = {
						CreatedOnToolsVersion = 13.0;
					};
					1DE1DD9B2761832E00740CD3 = {
						CreatedOnToolsVersion = 13.2;
						TestTargetID = 1DEC76B1268EFB6700D217A1;
					};
					1DE1F0DE2941D5BD00741B19 = {
						CreatedOnToolsVersion = 14.1;
					};
					1DEC76B1268EFB6700D217A1 = {
						CreatedOnToolsVersion = 13.0;
					};
					1DEC76BC268EFB6700D217A1 = {
						CreatedOnToolsVersion = 13.0;
						TestTargetID = 1DEC76B1268EFB6700D217A1;
					};
					1DEC76C6268EFB6700D217A1 = {
						CreatedOnToolsVersion = 13.0;
						TestTargetID = 1DEC76B7268EFB6700D217A1;
					};
				};
			};
			buildConfigurationList = 1DEC76A9268EFB6500D217A1 /* Build configuration list for PBXProject "SportsCal" */;
			compatibilityVersion = "Xcode 13.0";
			developmentRegion = en;
			hasScannedForEncodings = 0;
			knownRegions = (
				en,
				Base,
			);
			mainGroup = 1DEC76A5268EFB6500D217A1;
			packageReferences = (
				1D79FFB926C9B0A30041A673 /* XCRemoteSwiftPackageReference "purchases-ios" */,
				1DC721802907779A00628B14 /* XCRemoteSwiftPackageReference "SportsCalModel" */,
				1DA434392907A95B0010364F /* XCRemoteSwiftPackageReference "SwiftUI-CachedAsyncImage" */,
			);
			productRefGroup = 1DEC76B3268EFB6700D217A1 /* Products */;
			projectDirPath = "";
			projectRoot = "";
			targets = (
				1DEC76B1268EFB6700D217A1 /* SportsCal (iOS) */,
				1DEC76BC268EFB6700D217A1 /* Tests iOS */,
				1DEC76C6268EFB6700D217A1 /* Tests macOS */,
				1DE16FF426F29D4A007B1B57 /* SportsWidgetExtension */,
				1DE1DD9B2761832E00740CD3 /* SportsCalUITests */,
				1DE1F0DE2941D5BD00741B19 /* SoccerLeaguesWidgetIntentExtension */,
			);
		};
/* End PBXProject section */

/* Begin PBXResourcesBuildPhase section */
		1DE16FF326F29D4A007B1B57 /* Resources */ = {
			isa = PBXResourcesBuildPhase;
			buildActionMask = 2147483647;
			files = (
				1DE16FFF26F29D4B007B1B57 /* Assets.xcassets in Resources */,
			);
			runOnlyForDeploymentPostprocessing = 0;
		};
		1DE1DD9A2761832E00740CD3 /* Resources */ = {
			isa = PBXResourcesBuildPhase;
			buildActionMask = 2147483647;
			files = (
			);
			runOnlyForDeploymentPostprocessing = 0;
		};
		1DE1F0DD2941D5BD00741B19 /* Resources */ = {
			isa = PBXResourcesBuildPhase;
			buildActionMask = 2147483647;
			files = (
			);
			runOnlyForDeploymentPostprocessing = 0;
		};
		1DEC76B0268EFB6700D217A1 /* Resources */ = {
			isa = PBXResourcesBuildPhase;
			buildActionMask = 2147483647;
			files = (
				1DEC76D1268EFB6700D217A1 /* Assets.xcassets in Resources */,
			);
			runOnlyForDeploymentPostprocessing = 0;
		};
		1DEC76BB268EFB6700D217A1 /* Resources */ = {
			isa = PBXResourcesBuildPhase;
			buildActionMask = 2147483647;
			files = (
			);
			runOnlyForDeploymentPostprocessing = 0;
		};
		1DEC76C5268EFB6700D217A1 /* Resources */ = {
			isa = PBXResourcesBuildPhase;
			buildActionMask = 2147483647;
			files = (
			);
			runOnlyForDeploymentPostprocessing = 0;
		};
/* End PBXResourcesBuildPhase section */

/* Begin PBXSourcesBuildPhase section */
		1DE16FF126F29D4A007B1B57 /* Sources */ = {
			isa = PBXSourcesBuildPhase;
			buildActionMask = 2147483647;
			files = (
				1D20B339292893DD00956B14 /* GameManager.swift in Sources */,
				1D2C79F1291A2EBA00E25E82 /* GameFormatter.swift in Sources */,
				1DE1F0C32941B98100741B19 /* SportsWidgetRectangularView.swift in Sources */,
				1D7DC236270192610086A6D5 /* NetworkHandler.swift in Sources */,
				1DE16FFC26F29D4A007B1B57 /* SportsWidget.swift in Sources */,
				1DE1700126F29D4B007B1B57 /* SportsWidget.intentdefinition in Sources */,
				1DE1F0C92941B9D100741B19 /* SportsWidgetMediumView.swift in Sources */,
				1D40809B290BAFE100729FFE /* IndividualTeamView.swift in Sources */,
				1DB93DC42907659300311FAA /* Favorites.swift in Sources */,
				1D408091290B9E3700729FFE /* Teams+Extensions.swift in Sources */,
				1DE1F0C72941B9B300741B19 /* SportsWidgetSmallView.swift in Sources */,
				1DE0404B2937470000073494 /* Provider.swift in Sources */,
				1DE1F0C12941B96C00741B19 /* SportsWidgetCircularView.swift in Sources */,
				1D408098290BAB8600729FFE /* LiveSportActivityWidget.swift in Sources */,
				1D8352D72905532D00E60D7F /* DateFormatters.swift in Sources */,
				1DE1F0C52941B99A00741B19 /* SportsWidgetInlineView.swift in Sources */,
				1DE0402E292D713800073494 /* Cache.swift in Sources */,
				1D20B3362927739C00956B14 /* Date+Extensions.swift in Sources */,
				1D8352DB29067CBB00E60D7F /* UserDefaultStorage.swift in Sources */,
				1D408099290BAB9000729FFE /* LiveSportActivityAttributes.swift in Sources */,
				1DEA4E0129053AB900CD1D8F /* GameViewModel.swift in Sources */,
				1D4080A0290C803400729FFE /* LiveAnimatedView.swift in Sources */,
				1DC2651526F3CCF1005539C1 /* SettingsData.swift in Sources */,
				1DF489B62737693F00A20512 /* Constants.swift in Sources */,
				1DE1F0BF2941B94F00741B19 /* SportsWidgetLargeView.swift in Sources */,
			);
			runOnlyForDeploymentPostprocessing = 0;
		};
		1DE1DD982761832E00740CD3 /* Sources */ = {
			isa = PBXSourcesBuildPhase;
			buildActionMask = 2147483647;
			files = (
				1DE1DDA12761832E00740CD3 /* SportsCalUITestsLaunchTests.swift in Sources */,
				1DE1DD9F2761832E00740CD3 /* SportsCalUITests.swift in Sources */,
				1DE1DDA8276185CE00740CD3 /* SnapshotHelper.swift in Sources */,
			);
			runOnlyForDeploymentPostprocessing = 0;
		};
		1DE1F0DB2941D5BD00741B19 /* Sources */ = {
			isa = PBXSourcesBuildPhase;
			buildActionMask = 2147483647;
			files = (
				1DE1F0E32941D5BD00741B19 /* IntentHandler.swift in Sources */,
				1DE1F0EC2941D60000741B19 /* SportsWidget.intentdefinition in Sources */,
			);
			runOnlyForDeploymentPostprocessing = 0;
		};
		1DEC76AE268EFB6700D217A1 /* Sources */ = {
			isa = PBXSourcesBuildPhase;
			buildActionMask = 2147483647;
			files = (
				1D20B33F292A115200956B14 /* SubscriptionSheet.swift in Sources */,
				1DE1700226F29D4B007B1B57 /* SportsWidget.intentdefinition in Sources */,
				1D90DA8827FEA9F6007C570A /* DummySubscriptionOptionView.swift in Sources */,
				1D40808C290B7CED00729FFE /* IndividualTeamView.swift in Sources */,
				1D9D2CF027702FFB00735AF0 /* FavoriteButtonView.swift in Sources */,
				1D408093290BA23100729FFE /* LiveActivityButton.swift in Sources */,
				1DEC76CF268EFB6700D217A1 /* ContentView.swift in Sources */,
				1D5C463A26C9FD0800BA827B /* OnboardingPage.swift in Sources */,
				1DE1F0BD2940590000741B19 /* LiveActivityStatusView.swift in Sources */,
				1D20B33D2929D8C900956B14 /* MiniSubscriptionPage.swift in Sources */,
				1DD35DB62907B6AE009A2113 /* LiveAnimatedView.swift in Sources */,
				1D20B33B2928C45A00956B14 /* PickSportPage.swift in Sources */,
				1DA4343429079D3D0010364F /* Teams+Extensions.swift in Sources */,
				1D40808429091A2000729FFE /* UpcomingGameView.swift in Sources */,
				1DEA4DFE290530B300CD1D8F /* SportsFilterView.swift in Sources */,
				1D40808E290B856C00729FFE /* CalendarButton.swift in Sources */,
				1DEDD0F126D353ED005ABF93 /* CalendarRepresentable.swift in Sources */,
				1D5C463126C9C5F900BA827B /* SubscriptionManager.swift in Sources */,
				1D20B338292893DD00956B14 /* GameManager.swift in Sources */,
				1D486B0028A834470024BC32 /* GameViewModel.swift in Sources */,
				1D8352D52905532D00E60D7F /* DateFormatters.swift in Sources */,
				1D5C463726C9FB5000BA827B /* SettingsData.swift in Sources */,
				1D3DD52E27FBEF310086DD9E /* CompetitionPage.swift in Sources */,
				1DEDD0EC26D179F5005ABF93 /* AppDelegate.swift in Sources */,
				1DA434382907A48C0010364F /* GameScoreView.swift in Sources */,
				1D40809A290BAC4F00729FFE /* LiveSportActivityAttributes.swift in Sources */,
				1D79FFC026C9B3480041A673 /* SubscriptionPage.swift in Sources */,
				1DEC76CD268EFB6700D217A1 /* SportsCalApp.swift in Sources */,
				1D408090290B862700729FFE /* NotifyButton.swift in Sources */,
				1DE0402D292D713800073494 /* Cache.swift in Sources */,
				1DEC7705268F0AF200D217A1 /* NetworkErrors.swift in Sources */,
				1D63E71926A9494800FC3DE6 /* Date+Extensions.swift in Sources */,
				1D3DD53027FBEF400086DD9E /* CompetitionView.swift in Sources */,
				1D408088290B610200729FFE /* GameFormatter.swift in Sources */,
				1D5C463426C9F10400BA827B /* Confetti.swift in Sources */,
				1DCEBF0526C045B200913A94 /* SettingsView.swift in Sources */,
				1DF489B22737693F00A20512 /* Constants.swift in Sources */,
				1DF1FD942741EFA800783E62 /* UserDefaultStorage.swift in Sources */,
				1D1239A026D0D180001B503E /* LocalNotificationManager.swift in Sources */,
				1DF1FD922740AECB00783E62 /* Favorites.swift in Sources */,
				1DEC76E2268EFC0500D217A1 /* NetworkHandler.swift in Sources */,
			);
			runOnlyForDeploymentPostprocessing = 0;
		};
		1DEC76B9268EFB6700D217A1 /* Sources */ = {
			isa = PBXSourcesBuildPhase;
			buildActionMask = 2147483647;
			files = (
				1DEC76C2268EFB6700D217A1 /* Tests_iOS.swift in Sources */,
				1D88C48027A12815004EC903 /* Favorites.swift in Sources */,
				1D88C48227A1282A004EC903 /* UserDefaultStorage.swift in Sources */,
				1D88C48127A12819004EC903 /* SettingsData.swift in Sources */,
				1DF489B42737693F00A20512 /* Constants.swift in Sources */,
				1D88C42A27A123F1004EC903 /* NetworkHandler.swift in Sources */,
				1D88C47F27A1254C004EC903 /* NetworkErrors.swift in Sources */,
			);
			runOnlyForDeploymentPostprocessing = 0;
		};
		1DEC76C3268EFB6700D217A1 /* Sources */ = {
			isa = PBXSourcesBuildPhase;
			buildActionMask = 2147483647;
			files = (
				1DEC76CC268EFB6700D217A1 /* Tests_macOS.swift in Sources */,
				1DF489B52737693F00A20512 /* Constants.swift in Sources */,
			);
			runOnlyForDeploymentPostprocessing = 0;
		};
/* End PBXSourcesBuildPhase section */

/* Begin PBXTargetDependency section */
		1DE1DDA32761832E00740CD3 /* PBXTargetDependency */ = {
			isa = PBXTargetDependency;
			target = 1DEC76B1268EFB6700D217A1 /* SportsCal (iOS) */;
			targetProxy = 1DE1DDA22761832E00740CD3 /* PBXContainerItemProxy */;
		};
		1DE1F0E62941D5BD00741B19 /* PBXTargetDependency */ = {
			isa = PBXTargetDependency;
			target = 1DE1F0DE2941D5BD00741B19 /* SoccerLeaguesWidgetIntentExtension */;
			targetProxy = 1DE1F0E52941D5BD00741B19 /* PBXContainerItemProxy */;
		};
		1DEC76BF268EFB6700D217A1 /* PBXTargetDependency */ = {
			isa = PBXTargetDependency;
			target = 1DEC76B1268EFB6700D217A1 /* SportsCal (iOS) */;
			targetProxy = 1DEC76BE268EFB6700D217A1 /* PBXContainerItemProxy */;
		};
		1DF5C55A2713F48500842FDA /* PBXTargetDependency */ = {
			isa = PBXTargetDependency;
			target = 1DE16FF426F29D4A007B1B57 /* SportsWidgetExtension */;
			targetProxy = 1DF5C5592713F48500842FDA /* PBXContainerItemProxy */;
		};
/* End PBXTargetDependency section */

/* Begin XCBuildConfiguration section */
		1DE1700826F29D4B007B1B57 /* Debug */ = {
			isa = XCBuildConfiguration;
			buildSettings = {
				ASSETCATALOG_COMPILER_GLOBAL_ACCENT_COLOR_NAME = AccentColor;
				ASSETCATALOG_COMPILER_WIDGET_BACKGROUND_COLOR_NAME = WidgetBackground;
				CLANG_CXX_LANGUAGE_STANDARD = "gnu++17";
				CODE_SIGN_ENTITLEMENTS = SportsWidgetExtension.entitlements;
				CODE_SIGN_STYLE = Automatic;
				CURRENT_PROJECT_VERSION = 2;
				DEVELOPMENT_TEAM = 9GDU5ZNHX7;
				GENERATE_INFOPLIST_FILE = YES;
				INFOPLIST_FILE = SportsWidget/Info.plist;
				INFOPLIST_KEY_CFBundleDisplayName = SportsWidget;
				INFOPLIST_KEY_NSHumanReadableCopyright = "";
				IPHONEOS_DEPLOYMENT_TARGET = 15.0;
				LD_RUNPATH_SEARCH_PATHS = (
					"$(inherited)",
					"@executable_path/Frameworks",
					"@executable_path/../../Frameworks",
				);
				MARKETING_VERSION = 2.1;
				PRODUCT_BUNDLE_IDENTIFIER = com.KomodoLLC.SportsCal.SportsWidget;
				PRODUCT_NAME = "$(TARGET_NAME)";
				SDKROOT = iphoneos;
				SKIP_INSTALL = YES;
				SUPPORTS_MACCATALYST = YES;
				SWIFT_EMIT_LOC_STRINGS = YES;
				SWIFT_VERSION = 5.0;
				TARGETED_DEVICE_FAMILY = "1,2";
			};
			name = Debug;
		};
		1DE1700926F29D4B007B1B57 /* Release */ = {
			isa = XCBuildConfiguration;
			buildSettings = {
				ASSETCATALOG_COMPILER_GLOBAL_ACCENT_COLOR_NAME = AccentColor;
				ASSETCATALOG_COMPILER_WIDGET_BACKGROUND_COLOR_NAME = WidgetBackground;
				CLANG_CXX_LANGUAGE_STANDARD = "gnu++17";
				CODE_SIGN_ENTITLEMENTS = SportsWidgetExtension.entitlements;
				CODE_SIGN_STYLE = Automatic;
				CURRENT_PROJECT_VERSION = 2;
				DEVELOPMENT_TEAM = 9GDU5ZNHX7;
				GENERATE_INFOPLIST_FILE = YES;
				INFOPLIST_FILE = SportsWidget/Info.plist;
				INFOPLIST_KEY_CFBundleDisplayName = SportsWidget;
				INFOPLIST_KEY_NSHumanReadableCopyright = "";
				IPHONEOS_DEPLOYMENT_TARGET = 15.0;
				LD_RUNPATH_SEARCH_PATHS = (
					"$(inherited)",
					"@executable_path/Frameworks",
					"@executable_path/../../Frameworks",
				);
				MARKETING_VERSION = 2.1;
				PRODUCT_BUNDLE_IDENTIFIER = com.KomodoLLC.SportsCal.SportsWidget;
				PRODUCT_NAME = "$(TARGET_NAME)";
				SDKROOT = iphoneos;
				SKIP_INSTALL = YES;
				SUPPORTS_MACCATALYST = YES;
				SWIFT_EMIT_LOC_STRINGS = YES;
				SWIFT_VERSION = 5.0;
				TARGETED_DEVICE_FAMILY = "1,2";
				VALIDATE_PRODUCT = YES;
			};
			name = Release;
		};
		1DE1DDA52761832E00740CD3 /* Debug */ = {
			isa = XCBuildConfiguration;
			buildSettings = {
				CLANG_CXX_LANGUAGE_STANDARD = "gnu++17";
				CODE_SIGN_STYLE = Automatic;
				CURRENT_PROJECT_VERSION = 1;
				DEVELOPMENT_TEAM = 9GDU5ZNHX7;
				GENERATE_INFOPLIST_FILE = YES;
				IPHONEOS_DEPLOYMENT_TARGET = 15.2;
				MARKETING_VERSION = 1.0;
				PRODUCT_BUNDLE_IDENTIFIER = com.Komodo.SportsCalUITests;
				PRODUCT_NAME = "$(TARGET_NAME)";
				SDKROOT = iphoneos;
				SWIFT_EMIT_LOC_STRINGS = NO;
				SWIFT_VERSION = 5.0;
				TARGETED_DEVICE_FAMILY = "1,2";
				TEST_TARGET_NAME = "SportsCal (iOS)";
			};
			name = Debug;
		};
		1DE1DDA62761832E00740CD3 /* Release */ = {
			isa = XCBuildConfiguration;
			buildSettings = {
				CLANG_CXX_LANGUAGE_STANDARD = "gnu++17";
				CODE_SIGN_STYLE = Automatic;
				CURRENT_PROJECT_VERSION = 1;
				DEVELOPMENT_TEAM = 9GDU5ZNHX7;
				GENERATE_INFOPLIST_FILE = YES;
				IPHONEOS_DEPLOYMENT_TARGET = 15.2;
				MARKETING_VERSION = 1.0;
				PRODUCT_BUNDLE_IDENTIFIER = com.Komodo.SportsCalUITests;
				PRODUCT_NAME = "$(TARGET_NAME)";
				SDKROOT = iphoneos;
				SWIFT_EMIT_LOC_STRINGS = NO;
				SWIFT_VERSION = 5.0;
				TARGETED_DEVICE_FAMILY = "1,2";
				TEST_TARGET_NAME = "SportsCal (iOS)";
				VALIDATE_PRODUCT = YES;
			};
			name = Release;
		};
		1DE1F0EA2941D5BF00741B19 /* Debug */ = {
			isa = XCBuildConfiguration;
			buildSettings = {
				CLANG_CXX_LANGUAGE_STANDARD = "gnu++20";
				CODE_SIGN_ENTITLEMENTS = SoccerLeaguesWidgetIntentExtension/SoccerLeaguesWidgetIntentExtension.entitlements;
				CODE_SIGN_STYLE = Automatic;
				CURRENT_PROJECT_VERSION = 1;
				DEVELOPMENT_TEAM = 9GDU5ZNHX7;
				GENERATE_INFOPLIST_FILE = YES;
				INFOPLIST_FILE = SoccerLeaguesWidgetIntentExtension/Info.plist;
				INFOPLIST_KEY_CFBundleDisplayName = SoccerLeaguesWidgetIntentExtension;
				INFOPLIST_KEY_NSHumanReadableCopyright = "";
				IPHONEOS_DEPLOYMENT_TARGET = 15.0;
				LD_RUNPATH_SEARCH_PATHS = (
					"$(inherited)",
					"@executable_path/Frameworks",
					"@executable_path/../../Frameworks",
				);
				MARKETING_VERSION = 2.1;
				PRODUCT_BUNDLE_IDENTIFIER = com.KomodoLLC.SportsCal.SoccerLeaguesWidgetIntentExtension;
				PRODUCT_NAME = "$(TARGET_NAME)";
				SDKROOT = iphoneos;
				SKIP_INSTALL = YES;
				SUPPORTS_MACCATALYST = YES;
				SWIFT_EMIT_LOC_STRINGS = YES;
				SWIFT_VERSION = 5.0;
				TARGETED_DEVICE_FAMILY = "1,2";
			};
			name = Debug;
		};
		1DE1F0EB2941D5BF00741B19 /* Release */ = {
			isa = XCBuildConfiguration;
			buildSettings = {
				CLANG_CXX_LANGUAGE_STANDARD = "gnu++20";
				CODE_SIGN_ENTITLEMENTS = SoccerLeaguesWidgetIntentExtension/SoccerLeaguesWidgetIntentExtension.entitlements;
				CODE_SIGN_STYLE = Automatic;
				CURRENT_PROJECT_VERSION = 1;
				DEVELOPMENT_TEAM = 9GDU5ZNHX7;
				GENERATE_INFOPLIST_FILE = YES;
				INFOPLIST_FILE = SoccerLeaguesWidgetIntentExtension/Info.plist;
				INFOPLIST_KEY_CFBundleDisplayName = SoccerLeaguesWidgetIntentExtension;
				INFOPLIST_KEY_NSHumanReadableCopyright = "";
				IPHONEOS_DEPLOYMENT_TARGET = 15.0;
				LD_RUNPATH_SEARCH_PATHS = (
					"$(inherited)",
					"@executable_path/Frameworks",
					"@executable_path/../../Frameworks",
				);
				MARKETING_VERSION = 2.1;
				PRODUCT_BUNDLE_IDENTIFIER = com.KomodoLLC.SportsCal.SoccerLeaguesWidgetIntentExtension;
				PRODUCT_NAME = "$(TARGET_NAME)";
				SDKROOT = iphoneos;
				SKIP_INSTALL = YES;
				SUPPORTS_MACCATALYST = YES;
				SWIFT_EMIT_LOC_STRINGS = YES;
				SWIFT_VERSION = 5.0;
				TARGETED_DEVICE_FAMILY = "1,2";
				VALIDATE_PRODUCT = YES;
			};
			name = Release;
		};
		1DEC76D3268EFB6700D217A1 /* Debug */ = {
			isa = XCBuildConfiguration;
			buildSettings = {
				ALWAYS_SEARCH_USER_PATHS = NO;
				CLANG_ANALYZER_NONNULL = YES;
				CLANG_ANALYZER_NUMBER_OBJECT_CONVERSION = YES_AGGRESSIVE;
				CLANG_CXX_LANGUAGE_STANDARD = "gnu++14";
				CLANG_CXX_LIBRARY = "libc++";
				CLANG_ENABLE_MODULES = YES;
				CLANG_ENABLE_OBJC_ARC = YES;
				CLANG_ENABLE_OBJC_WEAK = YES;
				CLANG_WARN_BLOCK_CAPTURE_AUTORELEASING = YES;
				CLANG_WARN_BOOL_CONVERSION = YES;
				CLANG_WARN_COMMA = YES;
				CLANG_WARN_CONSTANT_CONVERSION = YES;
				CLANG_WARN_DEPRECATED_OBJC_IMPLEMENTATIONS = YES;
				CLANG_WARN_DIRECT_OBJC_ISA_USAGE = YES_ERROR;
				CLANG_WARN_DOCUMENTATION_COMMENTS = YES;
				CLANG_WARN_EMPTY_BODY = YES;
				CLANG_WARN_ENUM_CONVERSION = YES;
				CLANG_WARN_INFINITE_RECURSION = YES;
				CLANG_WARN_INT_CONVERSION = YES;
				CLANG_WARN_NON_LITERAL_NULL_CONVERSION = YES;
				CLANG_WARN_OBJC_IMPLICIT_RETAIN_SELF = YES;
				CLANG_WARN_OBJC_LITERAL_CONVERSION = YES;
				CLANG_WARN_OBJC_ROOT_CLASS = YES_ERROR;
				CLANG_WARN_QUOTED_INCLUDE_IN_FRAMEWORK_HEADER = YES;
				CLANG_WARN_RANGE_LOOP_ANALYSIS = YES;
				CLANG_WARN_STRICT_PROTOTYPES = YES;
				CLANG_WARN_SUSPICIOUS_MOVE = YES;
				CLANG_WARN_UNGUARDED_AVAILABILITY = YES_AGGRESSIVE;
				CLANG_WARN_UNREACHABLE_CODE = YES;
				CLANG_WARN__DUPLICATE_METHOD_MATCH = YES;
				COPY_PHASE_STRIP = NO;
				DEAD_CODE_STRIPPING = YES;
				DEBUG_INFORMATION_FORMAT = dwarf;
				ENABLE_STRICT_OBJC_MSGSEND = YES;
				ENABLE_TESTABILITY = YES;
				GCC_C_LANGUAGE_STANDARD = gnu11;
				GCC_DYNAMIC_NO_PIC = NO;
				GCC_NO_COMMON_BLOCKS = YES;
				GCC_OPTIMIZATION_LEVEL = 0;
				GCC_PREPROCESSOR_DEFINITIONS = (
					"DEBUG=1",
					"$(inherited)",
				);
				GCC_WARN_64_TO_32_BIT_CONVERSION = YES;
				GCC_WARN_ABOUT_RETURN_TYPE = YES_ERROR;
				GCC_WARN_UNDECLARED_SELECTOR = YES;
				GCC_WARN_UNINITIALIZED_AUTOS = YES_AGGRESSIVE;
				GCC_WARN_UNUSED_FUNCTION = YES;
				GCC_WARN_UNUSED_VARIABLE = YES;
				MTL_ENABLE_DEBUG_INFO = INCLUDE_SOURCE;
				MTL_FAST_MATH = YES;
				ONLY_ACTIVE_ARCH = YES;
				SWIFT_ACTIVE_COMPILATION_CONDITIONS = DEBUG;
				SWIFT_OPTIMIZATION_LEVEL = "-Onone";
			};
			name = Debug;
		};
		1DEC76D4268EFB6700D217A1 /* Release */ = {
			isa = XCBuildConfiguration;
			buildSettings = {
				ALWAYS_SEARCH_USER_PATHS = NO;
				CLANG_ANALYZER_NONNULL = YES;
				CLANG_ANALYZER_NUMBER_OBJECT_CONVERSION = YES_AGGRESSIVE;
				CLANG_CXX_LANGUAGE_STANDARD = "gnu++14";
				CLANG_CXX_LIBRARY = "libc++";
				CLANG_ENABLE_MODULES = YES;
				CLANG_ENABLE_OBJC_ARC = YES;
				CLANG_ENABLE_OBJC_WEAK = YES;
				CLANG_WARN_BLOCK_CAPTURE_AUTORELEASING = YES;
				CLANG_WARN_BOOL_CONVERSION = YES;
				CLANG_WARN_COMMA = YES;
				CLANG_WARN_CONSTANT_CONVERSION = YES;
				CLANG_WARN_DEPRECATED_OBJC_IMPLEMENTATIONS = YES;
				CLANG_WARN_DIRECT_OBJC_ISA_USAGE = YES_ERROR;
				CLANG_WARN_DOCUMENTATION_COMMENTS = YES;
				CLANG_WARN_EMPTY_BODY = YES;
				CLANG_WARN_ENUM_CONVERSION = YES;
				CLANG_WARN_INFINITE_RECURSION = YES;
				CLANG_WARN_INT_CONVERSION = YES;
				CLANG_WARN_NON_LITERAL_NULL_CONVERSION = YES;
				CLANG_WARN_OBJC_IMPLICIT_RETAIN_SELF = YES;
				CLANG_WARN_OBJC_LITERAL_CONVERSION = YES;
				CLANG_WARN_OBJC_ROOT_CLASS = YES_ERROR;
				CLANG_WARN_QUOTED_INCLUDE_IN_FRAMEWORK_HEADER = YES;
				CLANG_WARN_RANGE_LOOP_ANALYSIS = YES;
				CLANG_WARN_STRICT_PROTOTYPES = YES;
				CLANG_WARN_SUSPICIOUS_MOVE = YES;
				CLANG_WARN_UNGUARDED_AVAILABILITY = YES_AGGRESSIVE;
				CLANG_WARN_UNREACHABLE_CODE = YES;
				CLANG_WARN__DUPLICATE_METHOD_MATCH = YES;
				COPY_PHASE_STRIP = NO;
				DEAD_CODE_STRIPPING = YES;
				DEBUG_INFORMATION_FORMAT = "dwarf-with-dsym";
				ENABLE_NS_ASSERTIONS = NO;
				ENABLE_STRICT_OBJC_MSGSEND = YES;
				GCC_C_LANGUAGE_STANDARD = gnu11;
				GCC_NO_COMMON_BLOCKS = YES;
				GCC_WARN_64_TO_32_BIT_CONVERSION = YES;
				GCC_WARN_ABOUT_RETURN_TYPE = YES_ERROR;
				GCC_WARN_UNDECLARED_SELECTOR = YES;
				GCC_WARN_UNINITIALIZED_AUTOS = YES_AGGRESSIVE;
				GCC_WARN_UNUSED_FUNCTION = YES;
				GCC_WARN_UNUSED_VARIABLE = YES;
				MTL_ENABLE_DEBUG_INFO = NO;
				MTL_FAST_MATH = YES;
				SWIFT_COMPILATION_MODE = wholemodule;
				SWIFT_OPTIMIZATION_LEVEL = "-O";
			};
			name = Release;
		};
		1DEC76D6268EFB6700D217A1 /* Debug */ = {
			isa = XCBuildConfiguration;
			buildSettings = {
				ALWAYS_EMBED_SWIFT_STANDARD_LIBRARIES = YES;
				ASSETCATALOG_COMPILER_APPICON_NAME = AppIcon;
				ASSETCATALOG_COMPILER_GLOBAL_ACCENT_COLOR_NAME = AccentColor;
				CODE_SIGN_ENTITLEMENTS = "SportsCal (iOS).entitlements";
				CODE_SIGN_STYLE = Automatic;
				CURRENT_PROJECT_VERSION = 2;
				DEVELOPMENT_TEAM = 9GDU5ZNHX7;
				ENABLE_PREVIEWS = YES;
				GENERATE_INFOPLIST_FILE = YES;
				INFOPLIST_FILE = "SportsCal--iOS--Info.plist";
				INFOPLIST_KEY_LSApplicationCategoryType = "public.app-category.sports";
				INFOPLIST_KEY_NSCalendarsUsageDescription = "SportsCal requests Calendar access to add sports events to your calendar";
				INFOPLIST_KEY_NSSupportsLiveActivities = YES;
				INFOPLIST_KEY_UIApplicationSceneManifest_Generation = YES;
				INFOPLIST_KEY_UIApplicationSupportsIndirectInputEvents = YES;
				INFOPLIST_KEY_UILaunchScreen_Generation = YES;
				INFOPLIST_KEY_UISupportedInterfaceOrientations_iPad = "UIInterfaceOrientationPortrait UIInterfaceOrientationPortraitUpsideDown UIInterfaceOrientationLandscapeLeft UIInterfaceOrientationLandscapeRight";
				INFOPLIST_KEY_UISupportedInterfaceOrientations_iPhone = "UIInterfaceOrientationPortrait UIInterfaceOrientationLandscapeLeft UIInterfaceOrientationLandscapeRight";
				IPHONEOS_DEPLOYMENT_TARGET = 15.0;
				LD_RUNPATH_SEARCH_PATHS = (
					"$(inherited)",
					"@executable_path/Frameworks",
				);
				MARKETING_VERSION = 2.1;
				PRODUCT_BUNDLE_IDENTIFIER = com.KomodoLLC.SportsCal;
				PRODUCT_NAME = SportsCal;
				SDKROOT = iphoneos;
				SUPPORTS_MACCATALYST = YES;
				SUPPORTS_MAC_DESIGNED_FOR_IPHONE_IPAD = NO;
				SWIFT_EMIT_LOC_STRINGS = YES;
				SWIFT_VERSION = 5.0;
				TARGETED_DEVICE_FAMILY = "1,2";
			};
			name = Debug;
		};
		1DEC76D7268EFB6700D217A1 /* Release */ = {
			isa = XCBuildConfiguration;
			buildSettings = {
				ALWAYS_EMBED_SWIFT_STANDARD_LIBRARIES = YES;
				ASSETCATALOG_COMPILER_APPICON_NAME = AppIcon;
				ASSETCATALOG_COMPILER_GLOBAL_ACCENT_COLOR_NAME = AccentColor;
				CODE_SIGN_ENTITLEMENTS = "SportsCal (iOS)Release.entitlements";
				CODE_SIGN_STYLE = Automatic;
				CURRENT_PROJECT_VERSION = 2;
				DEVELOPMENT_TEAM = 9GDU5ZNHX7;
				ENABLE_PREVIEWS = YES;
				GENERATE_INFOPLIST_FILE = YES;
				INFOPLIST_FILE = "SportsCal--iOS--Info.plist";
				INFOPLIST_KEY_LSApplicationCategoryType = "public.app-category.sports";
				INFOPLIST_KEY_NSCalendarsUsageDescription = "SportsCal requests Calendar access to add sports events to your calendar";
				INFOPLIST_KEY_NSSupportsLiveActivities = YES;
				INFOPLIST_KEY_UIApplicationSceneManifest_Generation = YES;
				INFOPLIST_KEY_UIApplicationSupportsIndirectInputEvents = YES;
				INFOPLIST_KEY_UILaunchScreen_Generation = YES;
				INFOPLIST_KEY_UISupportedInterfaceOrientations_iPad = "UIInterfaceOrientationPortrait UIInterfaceOrientationPortraitUpsideDown UIInterfaceOrientationLandscapeLeft UIInterfaceOrientationLandscapeRight";
				INFOPLIST_KEY_UISupportedInterfaceOrientations_iPhone = "UIInterfaceOrientationPortrait UIInterfaceOrientationLandscapeLeft UIInterfaceOrientationLandscapeRight";
				IPHONEOS_DEPLOYMENT_TARGET = 15.0;
				LD_RUNPATH_SEARCH_PATHS = (
					"$(inherited)",
					"@executable_path/Frameworks",
				);
				MARKETING_VERSION = 2.1;
				PRODUCT_BUNDLE_IDENTIFIER = com.KomodoLLC.SportsCal;
				PRODUCT_NAME = SportsCal;
				SDKROOT = iphoneos;
				SUPPORTS_MACCATALYST = YES;
				SUPPORTS_MAC_DESIGNED_FOR_IPHONE_IPAD = NO;
				SWIFT_EMIT_LOC_STRINGS = YES;
				SWIFT_VERSION = 5.0;
				TARGETED_DEVICE_FAMILY = "1,2";
				VALIDATE_PRODUCT = YES;
			};
			name = Release;
		};
		1DEC76DC268EFB6700D217A1 /* Debug */ = {
			isa = XCBuildConfiguration;
			buildSettings = {
				ALWAYS_EMBED_SWIFT_STANDARD_LIBRARIES = YES;
				CODE_SIGN_STYLE = Automatic;
				CURRENT_PROJECT_VERSION = 1;
				DEVELOPMENT_TEAM = 9GDU5ZNHX7;
				GENERATE_INFOPLIST_FILE = YES;
				IPHONEOS_DEPLOYMENT_TARGET = 15.0;
				LD_RUNPATH_SEARCH_PATHS = (
					"$(inherited)",
					"@executable_path/Frameworks",
					"@loader_path/Frameworks",
				);
				MARKETING_VERSION = 1.0;
				PRODUCT_BUNDLE_IDENTIFIER = "com.KomodoLLC.Tests-iOS";
				PRODUCT_NAME = "$(TARGET_NAME)";
				SDKROOT = iphoneos;
				SWIFT_EMIT_LOC_STRINGS = NO;
				SWIFT_VERSION = 5.0;
				TARGETED_DEVICE_FAMILY = "1,2";
				TEST_TARGET_NAME = "SportsCal (iOS)";
			};
			name = Debug;
		};
		1DEC76DD268EFB6700D217A1 /* Release */ = {
			isa = XCBuildConfiguration;
			buildSettings = {
				ALWAYS_EMBED_SWIFT_STANDARD_LIBRARIES = YES;
				CODE_SIGN_STYLE = Automatic;
				CURRENT_PROJECT_VERSION = 1;
				DEVELOPMENT_TEAM = 9GDU5ZNHX7;
				GENERATE_INFOPLIST_FILE = YES;
				IPHONEOS_DEPLOYMENT_TARGET = 15.0;
				LD_RUNPATH_SEARCH_PATHS = (
					"$(inherited)",
					"@executable_path/Frameworks",
					"@loader_path/Frameworks",
				);
				MARKETING_VERSION = 1.0;
				PRODUCT_BUNDLE_IDENTIFIER = "com.KomodoLLC.Tests-iOS";
				PRODUCT_NAME = "$(TARGET_NAME)";
				SDKROOT = iphoneos;
				SWIFT_EMIT_LOC_STRINGS = NO;
				SWIFT_VERSION = 5.0;
				TARGETED_DEVICE_FAMILY = "1,2";
				TEST_TARGET_NAME = "SportsCal (iOS)";
				VALIDATE_PRODUCT = YES;
			};
			name = Release;
		};
		1DEC76DF268EFB6700D217A1 /* Debug */ = {
			isa = XCBuildConfiguration;
			buildSettings = {
				ALWAYS_EMBED_SWIFT_STANDARD_LIBRARIES = YES;
				CODE_SIGN_STYLE = Automatic;
				COMBINE_HIDPI_IMAGES = YES;
				CURRENT_PROJECT_VERSION = 1;
				DEAD_CODE_STRIPPING = YES;
				DEVELOPMENT_TEAM = 9GDU5ZNHX7;
				GENERATE_INFOPLIST_FILE = YES;
				LD_RUNPATH_SEARCH_PATHS = (
					"$(inherited)",
					"@executable_path/../Frameworks",
					"@loader_path/../Frameworks",
				);
				MACOSX_DEPLOYMENT_TARGET = 12.0;
				MARKETING_VERSION = 1.0;
				PRODUCT_BUNDLE_IDENTIFIER = "com.KomodoLLC.Tests-macOS";
				PRODUCT_NAME = "$(TARGET_NAME)";
				SDKROOT = macosx;
				SWIFT_EMIT_LOC_STRINGS = NO;
				SWIFT_VERSION = 5.0;
				TEST_TARGET_NAME = "SportsCal (macOS)";
			};
			name = Debug;
		};
		1DEC76E0268EFB6700D217A1 /* Release */ = {
			isa = XCBuildConfiguration;
			buildSettings = {
				ALWAYS_EMBED_SWIFT_STANDARD_LIBRARIES = YES;
				CODE_SIGN_STYLE = Automatic;
				COMBINE_HIDPI_IMAGES = YES;
				CURRENT_PROJECT_VERSION = 1;
				DEAD_CODE_STRIPPING = YES;
				DEVELOPMENT_TEAM = 9GDU5ZNHX7;
				GENERATE_INFOPLIST_FILE = YES;
				LD_RUNPATH_SEARCH_PATHS = (
					"$(inherited)",
					"@executable_path/../Frameworks",
					"@loader_path/../Frameworks",
				);
				MACOSX_DEPLOYMENT_TARGET = 12.0;
				MARKETING_VERSION = 1.0;
				PRODUCT_BUNDLE_IDENTIFIER = "com.KomodoLLC.Tests-macOS";
				PRODUCT_NAME = "$(TARGET_NAME)";
				SDKROOT = macosx;
				SWIFT_EMIT_LOC_STRINGS = NO;
				SWIFT_VERSION = 5.0;
				TEST_TARGET_NAME = "SportsCal (macOS)";
			};
			name = Release;
		};
/* End XCBuildConfiguration section */

/* Begin XCConfigurationList section */
		1DE1700A26F29D4B007B1B57 /* Build configuration list for PBXNativeTarget "SportsWidgetExtension" */ = {
			isa = XCConfigurationList;
			buildConfigurations = (
				1DE1700826F29D4B007B1B57 /* Debug */,
				1DE1700926F29D4B007B1B57 /* Release */,
			);
			defaultConfigurationIsVisible = 0;
			defaultConfigurationName = Release;
		};
		1DE1DDA42761832E00740CD3 /* Build configuration list for PBXNativeTarget "SportsCalUITests" */ = {
			isa = XCConfigurationList;
			buildConfigurations = (
				1DE1DDA52761832E00740CD3 /* Debug */,
				1DE1DDA62761832E00740CD3 /* Release */,
			);
			defaultConfigurationIsVisible = 0;
			defaultConfigurationName = Release;
		};
		1DE1F0E92941D5BF00741B19 /* Build configuration list for PBXNativeTarget "SoccerLeaguesWidgetIntentExtension" */ = {
			isa = XCConfigurationList;
			buildConfigurations = (
				1DE1F0EA2941D5BF00741B19 /* Debug */,
				1DE1F0EB2941D5BF00741B19 /* Release */,
			);
			defaultConfigurationIsVisible = 0;
			defaultConfigurationName = Release;
		};
		1DEC76A9268EFB6500D217A1 /* Build configuration list for PBXProject "SportsCal" */ = {
			isa = XCConfigurationList;
			buildConfigurations = (
				1DEC76D3268EFB6700D217A1 /* Debug */,
				1DEC76D4268EFB6700D217A1 /* Release */,
			);
			defaultConfigurationIsVisible = 0;
			defaultConfigurationName = Release;
		};
		1DEC76D5268EFB6700D217A1 /* Build configuration list for PBXNativeTarget "SportsCal (iOS)" */ = {
			isa = XCConfigurationList;
			buildConfigurations = (
				1DEC76D6268EFB6700D217A1 /* Debug */,
				1DEC76D7268EFB6700D217A1 /* Release */,
			);
			defaultConfigurationIsVisible = 0;
			defaultConfigurationName = Release;
		};
		1DEC76DB268EFB6700D217A1 /* Build configuration list for PBXNativeTarget "Tests iOS" */ = {
			isa = XCConfigurationList;
			buildConfigurations = (
				1DEC76DC268EFB6700D217A1 /* Debug */,
				1DEC76DD268EFB6700D217A1 /* Release */,
			);
			defaultConfigurationIsVisible = 0;
			defaultConfigurationName = Release;
		};
		1DEC76DE268EFB6700D217A1 /* Build configuration list for PBXNativeTarget "Tests macOS" */ = {
			isa = XCConfigurationList;
			buildConfigurations = (
				1DEC76DF268EFB6700D217A1 /* Debug */,
				1DEC76E0268EFB6700D217A1 /* Release */,
			);
			defaultConfigurationIsVisible = 0;
			defaultConfigurationName = Release;
		};
/* End XCConfigurationList section */

/* Begin XCRemoteSwiftPackageReference section */
		1D79FFB926C9B0A30041A673 /* XCRemoteSwiftPackageReference "purchases-ios" */ = {
			isa = XCRemoteSwiftPackageReference;
			repositoryURL = "https://github.com/RevenueCat/purchases-ios.git";
			requirement = {
				kind = upToNextMajorVersion;
				minimumVersion = 3.0.0;
			};
		};
		1DA434392907A95B0010364F /* XCRemoteSwiftPackageReference "SwiftUI-CachedAsyncImage" */ = {
			isa = XCRemoteSwiftPackageReference;
			repositoryURL = "https://github.com/lorenzofiamingo/SwiftUI-CachedAsyncImage";
			requirement = {
				branch = main;
				kind = branch;
			};
		};
		1DC721802907779A00628B14 /* XCRemoteSwiftPackageReference "SportsCalModel" */ = {
			isa = XCRemoteSwiftPackageReference;
			repositoryURL = "https://github.com/Umar-M-Haroon/SportsCalModel/";
			requirement = {
				branch = main;
				kind = branch;
			};
		};
/* End XCRemoteSwiftPackageReference section */

/* Begin XCSwiftPackageProductDependency section */
		1D40809C290BB06000729FFE /* CachedAsyncImage */ = {
			isa = XCSwiftPackageProductDependency;
			package = 1DA434392907A95B0010364F /* XCRemoteSwiftPackageReference "SwiftUI-CachedAsyncImage" */;
			productName = CachedAsyncImage;
		};
		1D79FFBA26C9B0A40041A673 /* Purchases */ = {
			isa = XCSwiftPackageProductDependency;
			package = 1D79FFB926C9B0A30041A673 /* XCRemoteSwiftPackageReference "purchases-ios" */;
			productName = Purchases;
		};
		1DA4343A2907A95B0010364F /* CachedAsyncImage */ = {
			isa = XCSwiftPackageProductDependency;
			package = 1DA434392907A95B0010364F /* XCRemoteSwiftPackageReference "SwiftUI-CachedAsyncImage" */;
			productName = CachedAsyncImage;
		};
		1DC721812907779A00628B14 /* SportsCalModel */ = {
			isa = XCSwiftPackageProductDependency;
			package = 1DC721802907779A00628B14 /* XCRemoteSwiftPackageReference "SportsCalModel" */;
			productName = SportsCalModel;
		};
		1DC72185290777A500628B14 /* SportsCalModel */ = {
			isa = XCSwiftPackageProductDependency;
			package = 1DC721802907779A00628B14 /* XCRemoteSwiftPackageReference "SportsCalModel" */;
			productName = SportsCalModel;
		};
		1DE1F0ED2941E5A200741B19 /* SportsCalModel */ = {
			isa = XCSwiftPackageProductDependency;
			package = 1DC721802907779A00628B14 /* XCRemoteSwiftPackageReference "SportsCalModel" */;
			productName = SportsCalModel;
		};
/* End XCSwiftPackageProductDependency section */
	};
	rootObject = 1DEC76A6268EFB6500D217A1 /* Project object */;
}
